// !$*UTF8*$!
{
	archiveVersion = 1;
	classes = {
	};
	objectVersion = 48;
	objects = {

/* Begin PBXBuildFile section */
		2D7443311F6CEAC900792701 /* TangHomeCell.m in Sources */ = {isa = PBXBuildFile; fileRef = 2D7443301F6CEAC900792701 /* TangHomeCell.m */; };
		2D7443341F6CEC1C00792701 /* TangLogin.storyboard in Resources */ = {isa = PBXBuildFile; fileRef = 2D7443331F6CEC1C00792701 /* TangLogin.storyboard */; };
		2D74434C1F6CFB1300792701 /* libxml2.tbd in Frameworks */ = {isa = PBXBuildFile; fileRef = 2D74434B1F6CFB1300792701 /* libxml2.tbd */; };
		2DC9B6AB1F6E79990092DACB /* TangPlayer.storyboard in Resources */ = {isa = PBXBuildFile; fileRef = 2DC9B6AA1F6E79990092DACB /* TangPlayer.storyboard */; };
		2DC9B6B41F6E7A640092DACB /* TangPlayerView.m in Sources */ = {isa = PBXBuildFile; fileRef = 2DC9B6B31F6E7A640092DACB /* TangPlayerView.m */; };
		2DC9B6B71F6E7B690092DACB /* TangPlayerViewCtrl.m in Sources */ = {isa = PBXBuildFile; fileRef = 2DC9B6B61F6E7B690092DACB /* TangPlayerViewCtrl.m */; };
		2DCBCCDB1F6EB79E0060D732 /* TangPostVideoParser.m in Sources */ = {isa = PBXBuildFile; fileRef = 2DCBCCDA1F6EB79E0060D732 /* TangPostVideoParser.m */; };
		2DCBCCE11F6EDC370060D732 /* TangVolumeIndicator.m in Sources */ = {isa = PBXBuildFile; fileRef = 2DCBCCE01F6EDC370060D732 /* TangVolumeIndicator.m */; };
		69228D891F6A840F00F0F8DC /* TangHomeViewCtrl.m in Sources */ = {isa = PBXBuildFile; fileRef = 69228D881F6A840F00F0F8DC /* TangHomeViewCtrl.m */; };
		695777C11F7F7192005F46B9 /* TangPlayerTransition.m in Sources */ = {isa = PBXBuildFile; fileRef = 695777C01F7F7192005F46B9 /* TangPlayerTransition.m */; };
		696F79B92015D76B003AD983 /* Pods_Tang.framework in Frameworks */ = {isa = PBXBuildFile; fileRef = 699D24A5A16F78E85DC2EBF7 /* Pods_Tang.framework */; };
		69BFBD121F6A56D0004338EF /* TangDelegate.m in Sources */ = {isa = PBXBuildFile; fileRef = 69BFBD111F6A56D0004338EF /* TangDelegate.m */; };
		69BFBD181F6A56D0004338EF /* Main.storyboard in Resources */ = {isa = PBXBuildFile; fileRef = 69BFBD161F6A56D0004338EF /* Main.storyboard */; };
		69BFBD1D1F6A56D0004338EF /* LaunchScreen.storyboard in Resources */ = {isa = PBXBuildFile; fileRef = 69BFBD1B1F6A56D0004338EF /* LaunchScreen.storyboard */; };
		69BFBD201F6A56D0004338EF /* main.m in Sources */ = {isa = PBXBuildFile; fileRef = 69BFBD1F1F6A56D0004338EF /* main.m */; };
		69BFBE551F6A5992004338EF /* YGLabel.m in Sources */ = {isa = PBXBuildFile; fileRef = 69BFBDCD1F6A5992004338EF /* YGLabel.m */; };
		69BFBE561F6A5992004338EF /* YGLineView.m in Sources */ = {isa = PBXBuildFile; fileRef = 69BFBDD01F6A5992004338EF /* YGLineView.m */; };
		69BFBE5C1F6A5992004338EF /* YGRefreshComponent.m in Sources */ = {isa = PBXBuildFile; fileRef = 69BFBDDE1F6A5992004338EF /* YGRefreshComponent.m */; };
		69BFBE5D1F6A5992004338EF /* TAAbstractDotView.m in Sources */ = {isa = PBXBuildFile; fileRef = 69BFBDE21F6A5992004338EF /* TAAbstractDotView.m */; };
		69BFBE5E1F6A5992004338EF /* TAAnimatedDotView.m in Sources */ = {isa = PBXBuildFile; fileRef = 69BFBDE41F6A5992004338EF /* TAAnimatedDotView.m */; };
		69BFBE5F1F6A5992004338EF /* TADotView.m in Sources */ = {isa = PBXBuildFile; fileRef = 69BFBDE61F6A5992004338EF /* TADotView.m */; };
		69BFBE601F6A5992004338EF /* TAPageControl.m in Sources */ = {isa = PBXBuildFile; fileRef = 69BFBDE81F6A5992004338EF /* TAPageControl.m */; };
		69BFBE611F6A5992004338EF /* SDCollectionViewCell.m in Sources */ = {isa = PBXBuildFile; fileRef = 69BFBDEA1F6A5992004338EF /* SDCollectionViewCell.m */; };
		69BFBE621F6A5992004338EF /* SDCycleScrollView.m in Sources */ = {isa = PBXBuildFile; fileRef = 69BFBDEC1F6A5992004338EF /* SDCycleScrollView.m */; };
		69BFBE631F6A5992004338EF /* UIView+SDExtension.m in Sources */ = {isa = PBXBuildFile; fileRef = 69BFBDEE1F6A5992004338EF /* UIView+SDExtension.m */; };
		69BFBE641F6A5992004338EF /* DDSegmentScrollView.m in Sources */ = {isa = PBXBuildFile; fileRef = 69BFBDF11F6A5992004338EF /* DDSegmentScrollView.m */; };
		69BFBE651F6A5992004338EF /* YGTextField.m in Sources */ = {isa = PBXBuildFile; fileRef = 69BFBDF41F6A5992004338EF /* YGTextField.m */; };
		69BFBE671F6A5992004338EF /* DDWebInspector.m in Sources */ = {isa = PBXBuildFile; fileRef = 69BFBDFA1F6A5992004338EF /* DDWebInspector.m */; };
		69BFBE681F6A5992004338EF /* DDWebViewController.m in Sources */ = {isa = PBXBuildFile; fileRef = 69BFBDFC1F6A5992004338EF /* DDWebViewController.m */; };
		69BFBE6C1F6A5992004338EF /* YGBaseNaviCtrl.m in Sources */ = {isa = PBXBuildFile; fileRef = 69BFBE081F6A5992004338EF /* YGBaseNaviCtrl.m */; };
		69BFBE6D1F6A5992004338EF /* YGBasePopViewCtrl.m in Sources */ = {isa = PBXBuildFile; fileRef = 69BFBE0A1F6A5992004338EF /* YGBasePopViewCtrl.m */; };
		69BFBE6E1F6A5992004338EF /* YGBaseViewCtrl.m in Sources */ = {isa = PBXBuildFile; fileRef = 69BFBE0C1F6A5992004338EF /* YGBaseViewCtrl.m */; };
		69BFBE6F1F6A5992004338EF /* YGBaseWebViewCtrl.m in Sources */ = {isa = PBXBuildFile; fileRef = 69BFBE0E1F6A5992004338EF /* YGBaseWebViewCtrl.m */; };
		69BFBE701F6A5992004338EF /* YGTabBarCtrl.m in Sources */ = {isa = PBXBuildFile; fileRef = 69BFBE101F6A5992004338EF /* YGTabBarCtrl.m */; };
		69BFBE7D1F6A6030004338EF /* TangHome.storyboard in Resources */ = {isa = PBXBuildFile; fileRef = 69BFBE7C1F6A6030004338EF /* TangHome.storyboard */; };
		69BFBE7F1F6A60BB004338EF /* TangDiscover.storyboard in Resources */ = {isa = PBXBuildFile; fileRef = 69BFBE7E1F6A60BB004338EF /* TangDiscover.storyboard */; };
		69BFBE811F6A60C4004338EF /* TangDownload.storyboard in Resources */ = {isa = PBXBuildFile; fileRef = 69BFBE801F6A60C4004338EF /* TangDownload.storyboard */; };
		69BFBE831F6A60CC004338EF /* TangMine.storyboard in Resources */ = {isa = PBXBuildFile; fileRef = 69BFBE821F6A60CC004338EF /* TangMine.storyboard */; };
		69EF048E202BF1E4002B9B09 /* Config.swift in Sources */ = {isa = PBXBuildFile; fileRef = 69EF0475202BF1E4002B9B09 /* Config.swift */; };
		69EF048F202BF1E4002B9B09 /* Appearance.swift in Sources */ = {isa = PBXBuildFile; fileRef = 69EF0477202BF1E4002B9B09 /* Appearance.swift */; };
		69EF0490202BF1E4002B9B09 /* Constant.swift in Sources */ = {isa = PBXBuildFile; fileRef = 69EF0478202BF1E4002B9B09 /* Constant.swift */; };
		69EF0491202BF1E4002B9B09 /* Network.swift in Sources */ = {isa = PBXBuildFile; fileRef = 69EF0479202BF1E4002B9B09 /* Network.swift */; };
		69EF0492202BF1E4002B9B09 /* ThirdParty.swift in Sources */ = {isa = PBXBuildFile; fileRef = 69EF047A202BF1E4002B9B09 /* ThirdParty.swift */; };
		69EF0493202BF1E4002B9B09 /* NSObject+Ext.swift in Sources */ = {isa = PBXBuildFile; fileRef = 69EF047D202BF1E4002B9B09 /* NSObject+Ext.swift */; };
		69EF0494202BF1E4002B9B09 /* UIAlertController+Ext.swift in Sources */ = {isa = PBXBuildFile; fileRef = 69EF0480202BF1E4002B9B09 /* UIAlertController+Ext.swift */; };
		69EF0495202BF1E4002B9B09 /* UIButton+Ext.swift in Sources */ = {isa = PBXBuildFile; fileRef = 69EF0481202BF1E4002B9B09 /* UIButton+Ext.swift */; };
		69EF0496202BF1E4002B9B09 /* UICollectionViewCell+Ext.swift in Sources */ = {isa = PBXBuildFile; fileRef = 69EF0482202BF1E4002B9B09 /* UICollectionViewCell+Ext.swift */; };
		69EF0497202BF1E4002B9B09 /* UIDevice+Ext.swift in Sources */ = {isa = PBXBuildFile; fileRef = 69EF0483202BF1E4002B9B09 /* UIDevice+Ext.swift */; };
		69EF0498202BF1E4002B9B09 /* UINavigationBar+Ext.swift in Sources */ = {isa = PBXBuildFile; fileRef = 69EF0484202BF1E4002B9B09 /* UINavigationBar+Ext.swift */; };
		69EF0499202BF1E4002B9B09 /* UINavigationController+Ext.swift in Sources */ = {isa = PBXBuildFile; fileRef = 69EF0485202BF1E4002B9B09 /* UINavigationController+Ext.swift */; };
		69EF049A202BF1E4002B9B09 /* UISearchBar+Ext.swift in Sources */ = {isa = PBXBuildFile; fileRef = 69EF0486202BF1E4002B9B09 /* UISearchBar+Ext.swift */; };
		69EF049B202BF1E4002B9B09 /* UIView+Ext.swift in Sources */ = {isa = PBXBuildFile; fileRef = 69EF0487202BF1E4002B9B09 /* UIView+Ext.swift */; };
		69EF049C202BF1E4002B9B09 /* UIView+Hidden.swift in Sources */ = {isa = PBXBuildFile; fileRef = 69EF0488202BF1E4002B9B09 /* UIView+Hidden.swift */; };
		69EF049D202BF1E4002B9B09 /* UIViewController+Storyboard.swift in Sources */ = {isa = PBXBuildFile; fileRef = 69EF0489202BF1E4002B9B09 /* UIViewController+Storyboard.swift */; };
		69EF049E202BF1E4002B9B09 /* Func.swift in Sources */ = {isa = PBXBuildFile; fileRef = 69EF048B202BF1E4002B9B09 /* Func.swift */; };
		69EF04A7202BF489002B9B09 /* UINavigationBar+yg_IBInspectable.m in Sources */ = {isa = PBXBuildFile; fileRef = 69EF04A6202BF489002B9B09 /* UINavigationBar+yg_IBInspectable.m */; };
		69EF04AA202BF4CF002B9B09 /* UITabBar+yg_IBInspectable.m in Sources */ = {isa = PBXBuildFile; fileRef = 69EF04A9202BF4CF002B9B09 /* UITabBar+yg_IBInspectable.m */; };
		69EF04AD202BF53C002B9B09 /* UITableView+Ext.swift in Sources */ = {isa = PBXBuildFile; fileRef = 69EF04AC202BF53C002B9B09 /* UITableView+Ext.swift */; };
		69EF04B0202BF689002B9B09 /* UIToolbar+yg_IBInspectable.m in Sources */ = {isa = PBXBuildFile; fileRef = 69EF04AF202BF689002B9B09 /* UIToolbar+yg_IBInspectable.m */; };
		69EF04B2202BF837002B9B09 /* UIScrollView+Ext.swift in Sources */ = {isa = PBXBuildFile; fileRef = 69EF04B1202BF837002B9B09 /* UIScrollView+Ext.swift */; };
		69EF04B7202BF8F7002B9B09 /* UIViewController+yg_IBInspectable.m in Sources */ = {isa = PBXBuildFile; fileRef = 69EF04B4202BF8F7002B9B09 /* UIViewController+yg_IBInspectable.m */; };
		69EF04B8202BF8F7002B9B09 /* UIViewController+yg_StatusBar.m in Sources */ = {isa = PBXBuildFile; fileRef = 69EF04B5202BF8F7002B9B09 /* UIViewController+yg_StatusBar.m */; };
		69EF04BC202BFADF002B9B09 /* NSObject+KVCExceptionCatch.m in Sources */ = {isa = PBXBuildFile; fileRef = 69EF04BA202BFADF002B9B09 /* NSObject+KVCExceptionCatch.m */; };
		69EF04C4202C0AB6002B9B09 /* SafeCode.m in Sources */ = {isa = PBXBuildFile; fileRef = 69EF04C2202C0AB6002B9B09 /* SafeCode.m */; };
		69EF04CC202C0E82002B9B09 /* Statistic.swift in Sources */ = {isa = PBXBuildFile; fileRef = 69EF04CB202C0E82002B9B09 /* Statistic.swift */; };
		69EF04D9202C1340002B9B09 /* README.markdown in Resources */ = {isa = PBXBuildFile; fileRef = 69EF04D0202C1340002B9B09 /* README.markdown */; };
		69EF04DA202C1340002B9B09 /* TFHpple.m in Sources */ = {isa = PBXBuildFile; fileRef = 69EF04D2202C1340002B9B09 /* TFHpple.m */; };
		69EF04DB202C1340002B9B09 /* TFHppleElement.m in Sources */ = {isa = PBXBuildFile; fileRef = 69EF04D4202C1340002B9B09 /* TFHppleElement.m */; };
		69EF04DC202C1340002B9B09 /* XPathQuery.m in Sources */ = {isa = PBXBuildFile; fileRef = 69EF04D6202C1340002B9B09 /* XPathQuery.m */; };
		69EF04DD202C1340002B9B09 /* IJKMediaFramework.framework in Frameworks */ = {isa = PBXBuildFile; fileRef = 69EF04D8202C1340002B9B09 /* IJKMediaFramework.framework */; };
		69EF04E0202C1367002B9B09 /* Assets.xcassets in Resources */ = {isa = PBXBuildFile; fileRef = 69EF04DF202C1367002B9B09 /* Assets.xcassets */; };
		69EF04E3202C13F3002B9B09 /* StatisticUtil.m in Sources */ = {isa = PBXBuildFile; fileRef = 69EF04E2202C13F3002B9B09 /* StatisticUtil.m */; };
		69EF04EE202C15BB002B9B09 /* Avatar.swift in Sources */ = {isa = PBXBuildFile; fileRef = 69EF04ED202C15BB002B9B09 /* Avatar.swift */; };
		69EF04F0202C174C002B9B09 /* Cache.swift in Sources */ = {isa = PBXBuildFile; fileRef = 69EF04EF202C174C002B9B09 /* Cache.swift */; };
		69EF04F2202C1CDB002B9B09 /* API.swift in Sources */ = {isa = PBXBuildFile; fileRef = 69EF04F1202C1CDB002B9B09 /* API.swift */; };
		69EF04F6202C1E64002B9B09 /* AppConstant.swift in Sources */ = {isa = PBXBuildFile; fileRef = 69EF04F5202C1E64002B9B09 /* AppConstant.swift */; };
		69EF04F8202C1F1D002B9B09 /* UserSession.swift in Sources */ = {isa = PBXBuildFile; fileRef = 69EF04F7202C1F1D002B9B09 /* UserSession.swift */; };
		69EF04FA202C1F76002B9B09 /* TangUser.swift in Sources */ = {isa = PBXBuildFile; fileRef = 69EF04F9202C1F76002B9B09 /* TangUser.swift */; };
		69EF04FC202C200D002B9B09 /* TangBlog.swift in Sources */ = {isa = PBXBuildFile; fileRef = 69EF04FB202C200D002B9B09 /* TangBlog.swift */; };
		69EF04FE202C33BA002B9B09 /* TangPost.swift in Sources */ = {isa = PBXBuildFile; fileRef = 69EF04FD202C33BA002B9B09 /* TangPost.swift */; };
		69EF0500202C3656002B9B09 /* TangPlayerInfo.swift in Sources */ = {isa = PBXBuildFile; fileRef = 69EF04FF202C3656002B9B09 /* TangPlayerInfo.swift */; };
		69EF0504202C3C0E002B9B09 /* Codable+Ext.swift in Sources */ = {isa = PBXBuildFile; fileRef = 69EF0503202C3C0E002B9B09 /* Codable+Ext.swift */; };
		69EF050A202C4859002B9B09 /* BaseViewController.swift in Sources */ = {isa = PBXBuildFile; fileRef = 69EF0509202C4859002B9B09 /* BaseViewController.swift */; };
		69EF050C202C4E47002B9B09 /* TangLoginGuideViewCtrl.swift in Sources */ = {isa = PBXBuildFile; fileRef = 69EF050B202C4E47002B9B09 /* TangLoginGuideViewCtrl.swift */; };
		69EF050E202C4EBF002B9B09 /* TangLoginNaviCtrl.swift in Sources */ = {isa = PBXBuildFile; fileRef = 69EF050D202C4EBF002B9B09 /* TangLoginNaviCtrl.swift */; };
		69EF0510202C507E002B9B09 /* TangLoginViewCtrl.swift in Sources */ = {isa = PBXBuildFile; fileRef = 69EF050F202C507E002B9B09 /* TangLoginViewCtrl.swift */; };
		69EF0513202C5892002B9B09 /* TangDashboardViewCtrl.swift in Sources */ = {isa = PBXBuildFile; fileRef = 69EF0512202C5892002B9B09 /* TangDashboardViewCtrl.swift */; };
		69EF0515202C5AD1002B9B09 /* Math.swift in Sources */ = {isa = PBXBuildFile; fileRef = 69EF0514202C5AD1002B9B09 /* Math.swift */; };
/* End PBXBuildFile section */

/* Begin PBXFileReference section */
		2D74432F1F6CEAC900792701 /* TangHomeCell.h */ = {isa = PBXFileReference; lastKnownFileType = sourcecode.c.h; path = TangHomeCell.h; sourceTree = "<group>"; };
		2D7443301F6CEAC900792701 /* TangHomeCell.m */ = {isa = PBXFileReference; lastKnownFileType = sourcecode.c.objc; path = TangHomeCell.m; sourceTree = "<group>"; };
		2D7443331F6CEC1C00792701 /* TangLogin.storyboard */ = {isa = PBXFileReference; lastKnownFileType = file.storyboard; path = TangLogin.storyboard; sourceTree = "<group>"; };
		2D74434B1F6CFB1300792701 /* libxml2.tbd */ = {isa = PBXFileReference; lastKnownFileType = "sourcecode.text-based-dylib-definition"; name = libxml2.tbd; path = usr/lib/libxml2.tbd; sourceTree = SDKROOT; };
		2DA738F2F1456D6FAC1E654A /* Pods-Tang.debug.xcconfig */ = {isa = PBXFileReference; includeInIndex = 1; lastKnownFileType = text.xcconfig; name = "Pods-Tang.debug.xcconfig"; path = "Pods/Target Support Files/Pods-Tang/Pods-Tang.debug.xcconfig"; sourceTree = "<group>"; };
		2DC9B6AA1F6E79990092DACB /* TangPlayer.storyboard */ = {isa = PBXFileReference; lastKnownFileType = file.storyboard; path = TangPlayer.storyboard; sourceTree = "<group>"; };
		2DC9B6B21F6E7A640092DACB /* TangPlayerView.h */ = {isa = PBXFileReference; lastKnownFileType = sourcecode.c.h; path = TangPlayerView.h; sourceTree = "<group>"; };
		2DC9B6B31F6E7A640092DACB /* TangPlayerView.m */ = {isa = PBXFileReference; lastKnownFileType = sourcecode.c.objc; path = TangPlayerView.m; sourceTree = "<group>"; };
		2DC9B6B51F6E7B690092DACB /* TangPlayerViewCtrl.h */ = {isa = PBXFileReference; lastKnownFileType = sourcecode.c.h; path = TangPlayerViewCtrl.h; sourceTree = "<group>"; };
		2DC9B6B61F6E7B690092DACB /* TangPlayerViewCtrl.m */ = {isa = PBXFileReference; lastKnownFileType = sourcecode.c.objc; path = TangPlayerViewCtrl.m; sourceTree = "<group>"; };
		2DCBCCD91F6EB79E0060D732 /* TangPostVideoParser.h */ = {isa = PBXFileReference; lastKnownFileType = sourcecode.c.h; path = TangPostVideoParser.h; sourceTree = "<group>"; };
		2DCBCCDA1F6EB79E0060D732 /* TangPostVideoParser.m */ = {isa = PBXFileReference; lastKnownFileType = sourcecode.c.objc; path = TangPostVideoParser.m; sourceTree = "<group>"; };
		2DCBCCDF1F6EDC370060D732 /* TangVolumeIndicator.h */ = {isa = PBXFileReference; lastKnownFileType = sourcecode.c.h; path = TangVolumeIndicator.h; sourceTree = "<group>"; };
		2DCBCCE01F6EDC370060D732 /* TangVolumeIndicator.m */ = {isa = PBXFileReference; lastKnownFileType = sourcecode.c.objc; path = TangVolumeIndicator.m; sourceTree = "<group>"; };
		58AB2BCB4DB952CCA764BA49 /* Pods-Tang.release.xcconfig */ = {isa = PBXFileReference; includeInIndex = 1; lastKnownFileType = text.xcconfig; name = "Pods-Tang.release.xcconfig"; path = "Pods/Target Support Files/Pods-Tang/Pods-Tang.release.xcconfig"; sourceTree = "<group>"; };
		69228D871F6A840F00F0F8DC /* TangHomeViewCtrl.h */ = {isa = PBXFileReference; lastKnownFileType = sourcecode.c.h; path = TangHomeViewCtrl.h; sourceTree = "<group>"; };
		69228D881F6A840F00F0F8DC /* TangHomeViewCtrl.m */ = {isa = PBXFileReference; lastKnownFileType = sourcecode.c.objc; path = TangHomeViewCtrl.m; sourceTree = "<group>"; };
		695777BF1F7F7192005F46B9 /* TangPlayerTransition.h */ = {isa = PBXFileReference; lastKnownFileType = sourcecode.c.h; path = TangPlayerTransition.h; sourceTree = "<group>"; };
		695777C01F7F7192005F46B9 /* TangPlayerTransition.m */ = {isa = PBXFileReference; lastKnownFileType = sourcecode.c.objc; path = TangPlayerTransition.m; sourceTree = "<group>"; };
		699D24A5A16F78E85DC2EBF7 /* Pods_Tang.framework */ = {isa = PBXFileReference; explicitFileType = wrapper.framework; includeInIndex = 0; path = Pods_Tang.framework; sourceTree = BUILT_PRODUCTS_DIR; };
		69BFBD0D1F6A56D0004338EF /* Tang.app */ = {isa = PBXFileReference; explicitFileType = wrapper.application; includeInIndex = 0; path = Tang.app; sourceTree = BUILT_PRODUCTS_DIR; };
		69BFBD101F6A56D0004338EF /* TangDelegate.h */ = {isa = PBXFileReference; lastKnownFileType = sourcecode.c.h; path = TangDelegate.h; sourceTree = "<group>"; };
		69BFBD111F6A56D0004338EF /* TangDelegate.m */ = {isa = PBXFileReference; lastKnownFileType = sourcecode.c.objc; path = TangDelegate.m; sourceTree = "<group>"; };
		69BFBD171F6A56D0004338EF /* Base */ = {isa = PBXFileReference; lastKnownFileType = file.storyboard; name = Base; path = Base.lproj/Main.storyboard; sourceTree = "<group>"; };
		69BFBD1C1F6A56D0004338EF /* Base */ = {isa = PBXFileReference; lastKnownFileType = file.storyboard; name = Base; path = Base.lproj/LaunchScreen.storyboard; sourceTree = "<group>"; };
		69BFBD1E1F6A56D0004338EF /* Info.plist */ = {isa = PBXFileReference; lastKnownFileType = text.plist.xml; path = Info.plist; sourceTree = "<group>"; };
		69BFBD1F1F6A56D0004338EF /* main.m */ = {isa = PBXFileReference; lastKnownFileType = sourcecode.c.objc; path = main.m; sourceTree = "<group>"; };
		69BFBDCC1F6A5992004338EF /* YGLabel.h */ = {isa = PBXFileReference; fileEncoding = 4; lastKnownFileType = sourcecode.c.h; path = YGLabel.h; sourceTree = "<group>"; };
		69BFBDCD1F6A5992004338EF /* YGLabel.m */ = {isa = PBXFileReference; fileEncoding = 4; lastKnownFileType = sourcecode.c.objc; path = YGLabel.m; sourceTree = "<group>"; };
		69BFBDCF1F6A5992004338EF /* YGLineView.h */ = {isa = PBXFileReference; fileEncoding = 4; lastKnownFileType = sourcecode.c.h; path = YGLineView.h; sourceTree = "<group>"; };
		69BFBDD01F6A5992004338EF /* YGLineView.m */ = {isa = PBXFileReference; fileEncoding = 4; lastKnownFileType = sourcecode.c.objc; path = YGLineView.m; sourceTree = "<group>"; };
		69BFBDDD1F6A5992004338EF /* YGRefreshComponent.h */ = {isa = PBXFileReference; fileEncoding = 4; lastKnownFileType = sourcecode.c.h; path = YGRefreshComponent.h; sourceTree = "<group>"; };
		69BFBDDE1F6A5992004338EF /* YGRefreshComponent.m */ = {isa = PBXFileReference; fileEncoding = 4; lastKnownFileType = sourcecode.c.objc; path = YGRefreshComponent.m; sourceTree = "<group>"; };
		69BFBDE11F6A5992004338EF /* TAAbstractDotView.h */ = {isa = PBXFileReference; fileEncoding = 4; lastKnownFileType = sourcecode.c.h; path = TAAbstractDotView.h; sourceTree = "<group>"; };
		69BFBDE21F6A5992004338EF /* TAAbstractDotView.m */ = {isa = PBXFileReference; fileEncoding = 4; lastKnownFileType = sourcecode.c.objc; path = TAAbstractDotView.m; sourceTree = "<group>"; };
		69BFBDE31F6A5992004338EF /* TAAnimatedDotView.h */ = {isa = PBXFileReference; fileEncoding = 4; lastKnownFileType = sourcecode.c.h; path = TAAnimatedDotView.h; sourceTree = "<group>"; };
		69BFBDE41F6A5992004338EF /* TAAnimatedDotView.m */ = {isa = PBXFileReference; fileEncoding = 4; lastKnownFileType = sourcecode.c.objc; path = TAAnimatedDotView.m; sourceTree = "<group>"; };
		69BFBDE51F6A5992004338EF /* TADotView.h */ = {isa = PBXFileReference; fileEncoding = 4; lastKnownFileType = sourcecode.c.h; path = TADotView.h; sourceTree = "<group>"; };
		69BFBDE61F6A5992004338EF /* TADotView.m */ = {isa = PBXFileReference; fileEncoding = 4; lastKnownFileType = sourcecode.c.objc; path = TADotView.m; sourceTree = "<group>"; };
		69BFBDE71F6A5992004338EF /* TAPageControl.h */ = {isa = PBXFileReference; fileEncoding = 4; lastKnownFileType = sourcecode.c.h; path = TAPageControl.h; sourceTree = "<group>"; };
		69BFBDE81F6A5992004338EF /* TAPageControl.m */ = {isa = PBXFileReference; fileEncoding = 4; lastKnownFileType = sourcecode.c.objc; path = TAPageControl.m; sourceTree = "<group>"; };
		69BFBDE91F6A5992004338EF /* SDCollectionViewCell.h */ = {isa = PBXFileReference; fileEncoding = 4; lastKnownFileType = sourcecode.c.h; path = SDCollectionViewCell.h; sourceTree = "<group>"; };
		69BFBDEA1F6A5992004338EF /* SDCollectionViewCell.m */ = {isa = PBXFileReference; fileEncoding = 4; lastKnownFileType = sourcecode.c.objc; path = SDCollectionViewCell.m; sourceTree = "<group>"; };
		69BFBDEB1F6A5992004338EF /* SDCycleScrollView.h */ = {isa = PBXFileReference; fileEncoding = 4; lastKnownFileType = sourcecode.c.h; path = SDCycleScrollView.h; sourceTree = "<group>"; };
		69BFBDEC1F6A5992004338EF /* SDCycleScrollView.m */ = {isa = PBXFileReference; fileEncoding = 4; lastKnownFileType = sourcecode.c.objc; path = SDCycleScrollView.m; sourceTree = "<group>"; };
		69BFBDED1F6A5992004338EF /* UIView+SDExtension.h */ = {isa = PBXFileReference; fileEncoding = 4; lastKnownFileType = sourcecode.c.h; path = "UIView+SDExtension.h"; sourceTree = "<group>"; };
		69BFBDEE1F6A5992004338EF /* UIView+SDExtension.m */ = {isa = PBXFileReference; fileEncoding = 4; lastKnownFileType = sourcecode.c.objc; path = "UIView+SDExtension.m"; sourceTree = "<group>"; };
		69BFBDF01F6A5992004338EF /* DDSegmentScrollView.h */ = {isa = PBXFileReference; fileEncoding = 4; lastKnownFileType = sourcecode.c.h; path = DDSegmentScrollView.h; sourceTree = "<group>"; };
		69BFBDF11F6A5992004338EF /* DDSegmentScrollView.m */ = {isa = PBXFileReference; fileEncoding = 4; lastKnownFileType = sourcecode.c.objc; path = DDSegmentScrollView.m; sourceTree = "<group>"; };
		69BFBDF31F6A5992004338EF /* YGTextField.h */ = {isa = PBXFileReference; fileEncoding = 4; lastKnownFileType = sourcecode.c.h; path = YGTextField.h; sourceTree = "<group>"; };
		69BFBDF41F6A5992004338EF /* YGTextField.m */ = {isa = PBXFileReference; fileEncoding = 4; lastKnownFileType = sourcecode.c.objc; path = YGTextField.m; sourceTree = "<group>"; };
		69BFBDF91F6A5992004338EF /* DDWebInspector.h */ = {isa = PBXFileReference; fileEncoding = 4; lastKnownFileType = sourcecode.c.h; path = DDWebInspector.h; sourceTree = "<group>"; };
		69BFBDFA1F6A5992004338EF /* DDWebInspector.m */ = {isa = PBXFileReference; fileEncoding = 4; lastKnownFileType = sourcecode.c.objc; path = DDWebInspector.m; sourceTree = "<group>"; };
		69BFBDFB1F6A5992004338EF /* DDWebViewController.h */ = {isa = PBXFileReference; fileEncoding = 4; lastKnownFileType = sourcecode.c.h; path = DDWebViewController.h; sourceTree = "<group>"; };
		69BFBDFC1F6A5992004338EF /* DDWebViewController.m */ = {isa = PBXFileReference; fileEncoding = 4; lastKnownFileType = sourcecode.c.objc; path = DDWebViewController.m; sourceTree = "<group>"; };
		69BFBE071F6A5992004338EF /* YGBaseNaviCtrl.h */ = {isa = PBXFileReference; fileEncoding = 4; lastKnownFileType = sourcecode.c.h; path = YGBaseNaviCtrl.h; sourceTree = "<group>"; };
		69BFBE081F6A5992004338EF /* YGBaseNaviCtrl.m */ = {isa = PBXFileReference; fileEncoding = 4; lastKnownFileType = sourcecode.c.objc; path = YGBaseNaviCtrl.m; sourceTree = "<group>"; };
		69BFBE091F6A5992004338EF /* YGBasePopViewCtrl.h */ = {isa = PBXFileReference; fileEncoding = 4; lastKnownFileType = sourcecode.c.h; path = YGBasePopViewCtrl.h; sourceTree = "<group>"; };
		69BFBE0A1F6A5992004338EF /* YGBasePopViewCtrl.m */ = {isa = PBXFileReference; fileEncoding = 4; lastKnownFileType = sourcecode.c.objc; path = YGBasePopViewCtrl.m; sourceTree = "<group>"; };
		69BFBE0B1F6A5992004338EF /* YGBaseViewCtrl.h */ = {isa = PBXFileReference; fileEncoding = 4; lastKnownFileType = sourcecode.c.h; path = YGBaseViewCtrl.h; sourceTree = "<group>"; };
		69BFBE0C1F6A5992004338EF /* YGBaseViewCtrl.m */ = {isa = PBXFileReference; fileEncoding = 4; lastKnownFileType = sourcecode.c.objc; path = YGBaseViewCtrl.m; sourceTree = "<group>"; };
		69BFBE0D1F6A5992004338EF /* YGBaseWebViewCtrl.h */ = {isa = PBXFileReference; fileEncoding = 4; lastKnownFileType = sourcecode.c.h; path = YGBaseWebViewCtrl.h; sourceTree = "<group>"; };
		69BFBE0E1F6A5992004338EF /* YGBaseWebViewCtrl.m */ = {isa = PBXFileReference; fileEncoding = 4; lastKnownFileType = sourcecode.c.objc; path = YGBaseWebViewCtrl.m; sourceTree = "<group>"; };
		69BFBE0F1F6A5992004338EF /* YGTabBarCtrl.h */ = {isa = PBXFileReference; fileEncoding = 4; lastKnownFileType = sourcecode.c.h; path = YGTabBarCtrl.h; sourceTree = "<group>"; };
		69BFBE101F6A5992004338EF /* YGTabBarCtrl.m */ = {isa = PBXFileReference; fileEncoding = 4; lastKnownFileType = sourcecode.c.objc; path = YGTabBarCtrl.m; sourceTree = "<group>"; };
		69BFBE751F6A5A42004338EF /* Tang-Prefix.pch */ = {isa = PBXFileReference; lastKnownFileType = sourcecode.c.h; path = "Tang-Prefix.pch"; sourceTree = "<group>"; };
		69BFBE7C1F6A6030004338EF /* TangHome.storyboard */ = {isa = PBXFileReference; lastKnownFileType = file.storyboard; path = TangHome.storyboard; sourceTree = "<group>"; };
		69BFBE7E1F6A60BB004338EF /* TangDiscover.storyboard */ = {isa = PBXFileReference; lastKnownFileType = file.storyboard; path = TangDiscover.storyboard; sourceTree = "<group>"; };
		69BFBE801F6A60C4004338EF /* TangDownload.storyboard */ = {isa = PBXFileReference; lastKnownFileType = file.storyboard; path = TangDownload.storyboard; sourceTree = "<group>"; };
		69BFBE821F6A60CC004338EF /* TangMine.storyboard */ = {isa = PBXFileReference; lastKnownFileType = file.storyboard; path = TangMine.storyboard; sourceTree = "<group>"; };
		69EF0475202BF1E4002B9B09 /* Config.swift */ = {isa = PBXFileReference; fileEncoding = 4; lastKnownFileType = sourcecode.swift; path = Config.swift; sourceTree = "<group>"; };
		69EF0477202BF1E4002B9B09 /* Appearance.swift */ = {isa = PBXFileReference; fileEncoding = 4; lastKnownFileType = sourcecode.swift; path = Appearance.swift; sourceTree = "<group>"; };
		69EF0478202BF1E4002B9B09 /* Constant.swift */ = {isa = PBXFileReference; fileEncoding = 4; lastKnownFileType = sourcecode.swift; path = Constant.swift; sourceTree = "<group>"; };
		69EF0479202BF1E4002B9B09 /* Network.swift */ = {isa = PBXFileReference; fileEncoding = 4; lastKnownFileType = sourcecode.swift; path = Network.swift; sourceTree = "<group>"; };
		69EF047A202BF1E4002B9B09 /* ThirdParty.swift */ = {isa = PBXFileReference; fileEncoding = 4; lastKnownFileType = sourcecode.swift; path = ThirdParty.swift; sourceTree = "<group>"; };
		69EF047D202BF1E4002B9B09 /* NSObject+Ext.swift */ = {isa = PBXFileReference; fileEncoding = 4; lastKnownFileType = sourcecode.swift; path = "NSObject+Ext.swift"; sourceTree = "<group>"; };
		69EF0480202BF1E4002B9B09 /* UIAlertController+Ext.swift */ = {isa = PBXFileReference; fileEncoding = 4; lastKnownFileType = sourcecode.swift; path = "UIAlertController+Ext.swift"; sourceTree = "<group>"; };
		69EF0481202BF1E4002B9B09 /* UIButton+Ext.swift */ = {isa = PBXFileReference; fileEncoding = 4; lastKnownFileType = sourcecode.swift; path = "UIButton+Ext.swift"; sourceTree = "<group>"; };
		69EF0482202BF1E4002B9B09 /* UICollectionViewCell+Ext.swift */ = {isa = PBXFileReference; fileEncoding = 4; lastKnownFileType = sourcecode.swift; path = "UICollectionViewCell+Ext.swift"; sourceTree = "<group>"; };
		69EF0483202BF1E4002B9B09 /* UIDevice+Ext.swift */ = {isa = PBXFileReference; fileEncoding = 4; lastKnownFileType = sourcecode.swift; path = "UIDevice+Ext.swift"; sourceTree = "<group>"; };
		69EF0484202BF1E4002B9B09 /* UINavigationBar+Ext.swift */ = {isa = PBXFileReference; fileEncoding = 4; lastKnownFileType = sourcecode.swift; path = "UINavigationBar+Ext.swift"; sourceTree = "<group>"; };
		69EF0485202BF1E4002B9B09 /* UINavigationController+Ext.swift */ = {isa = PBXFileReference; fileEncoding = 4; lastKnownFileType = sourcecode.swift; path = "UINavigationController+Ext.swift"; sourceTree = "<group>"; };
		69EF0486202BF1E4002B9B09 /* UISearchBar+Ext.swift */ = {isa = PBXFileReference; fileEncoding = 4; lastKnownFileType = sourcecode.swift; path = "UISearchBar+Ext.swift"; sourceTree = "<group>"; };
		69EF0487202BF1E4002B9B09 /* UIView+Ext.swift */ = {isa = PBXFileReference; fileEncoding = 4; lastKnownFileType = sourcecode.swift; path = "UIView+Ext.swift"; sourceTree = "<group>"; };
		69EF0488202BF1E4002B9B09 /* UIView+Hidden.swift */ = {isa = PBXFileReference; fileEncoding = 4; lastKnownFileType = sourcecode.swift; path = "UIView+Hidden.swift"; sourceTree = "<group>"; };
		69EF0489202BF1E4002B9B09 /* UIViewController+Storyboard.swift */ = {isa = PBXFileReference; fileEncoding = 4; lastKnownFileType = sourcecode.swift; path = "UIViewController+Storyboard.swift"; sourceTree = "<group>"; };
		69EF048B202BF1E4002B9B09 /* Func.swift */ = {isa = PBXFileReference; fileEncoding = 4; lastKnownFileType = sourcecode.swift; path = Func.swift; sourceTree = "<group>"; };
		69EF04A3202BF2C6002B9B09 /* Tang-Bridging-Header.h */ = {isa = PBXFileReference; fileEncoding = 4; lastKnownFileType = sourcecode.c.h; name = "Tang-Bridging-Header.h"; path = "Tang/Tang-Bridging-Header.h"; sourceTree = SOURCE_ROOT; };
		69EF04A5202BF488002B9B09 /* UINavigationBar+yg_IBInspectable.h */ = {isa = PBXFileReference; fileEncoding = 4; lastKnownFileType = sourcecode.c.h; path = "UINavigationBar+yg_IBInspectable.h"; sourceTree = "<group>"; };
		69EF04A6202BF489002B9B09 /* UINavigationBar+yg_IBInspectable.m */ = {isa = PBXFileReference; fileEncoding = 4; lastKnownFileType = sourcecode.c.objc; path = "UINavigationBar+yg_IBInspectable.m"; sourceTree = "<group>"; };
		69EF04A8202BF4CF002B9B09 /* UITabBar+yg_IBInspectable.h */ = {isa = PBXFileReference; fileEncoding = 4; lastKnownFileType = sourcecode.c.h; path = "UITabBar+yg_IBInspectable.h"; sourceTree = "<group>"; };
		69EF04A9202BF4CF002B9B09 /* UITabBar+yg_IBInspectable.m */ = {isa = PBXFileReference; fileEncoding = 4; lastKnownFileType = sourcecode.c.objc; path = "UITabBar+yg_IBInspectable.m"; sourceTree = "<group>"; };
		69EF04AB202BF4F1002B9B09 /* UIKit-Ext-ObjC-Header.h */ = {isa = PBXFileReference; lastKnownFileType = sourcecode.c.h; path = "UIKit-Ext-ObjC-Header.h"; sourceTree = "<group>"; };
		69EF04AC202BF53C002B9B09 /* UITableView+Ext.swift */ = {isa = PBXFileReference; lastKnownFileType = sourcecode.swift; path = "UITableView+Ext.swift"; sourceTree = "<group>"; };
		69EF04AE202BF689002B9B09 /* UIToolbar+yg_IBInspectable.h */ = {isa = PBXFileReference; fileEncoding = 4; lastKnownFileType = sourcecode.c.h; path = "UIToolbar+yg_IBInspectable.h"; sourceTree = "<group>"; };
		69EF04AF202BF689002B9B09 /* UIToolbar+yg_IBInspectable.m */ = {isa = PBXFileReference; fileEncoding = 4; lastKnownFileType = sourcecode.c.objc; path = "UIToolbar+yg_IBInspectable.m"; sourceTree = "<group>"; };
		69EF04B1202BF837002B9B09 /* UIScrollView+Ext.swift */ = {isa = PBXFileReference; lastKnownFileType = sourcecode.swift; path = "UIScrollView+Ext.swift"; sourceTree = "<group>"; };
		69EF04B3202BF8F7002B9B09 /* UIViewController+yg_IBInspectable.h */ = {isa = PBXFileReference; fileEncoding = 4; lastKnownFileType = sourcecode.c.h; path = "UIViewController+yg_IBInspectable.h"; sourceTree = "<group>"; };
		69EF04B4202BF8F7002B9B09 /* UIViewController+yg_IBInspectable.m */ = {isa = PBXFileReference; fileEncoding = 4; lastKnownFileType = sourcecode.c.objc; path = "UIViewController+yg_IBInspectable.m"; sourceTree = "<group>"; };
		69EF04B5202BF8F7002B9B09 /* UIViewController+yg_StatusBar.m */ = {isa = PBXFileReference; fileEncoding = 4; lastKnownFileType = sourcecode.c.objc; path = "UIViewController+yg_StatusBar.m"; sourceTree = "<group>"; };
		69EF04B6202BF8F7002B9B09 /* UIViewController+yg_StatusBar.h */ = {isa = PBXFileReference; fileEncoding = 4; lastKnownFileType = sourcecode.c.h; path = "UIViewController+yg_StatusBar.h"; sourceTree = "<group>"; };
		69EF04BA202BFADF002B9B09 /* NSObject+KVCExceptionCatch.m */ = {isa = PBXFileReference; fileEncoding = 4; lastKnownFileType = sourcecode.c.objc; path = "NSObject+KVCExceptionCatch.m"; sourceTree = "<group>"; };
		69EF04BB202BFADF002B9B09 /* NSObject+KVCExceptionCatch.h */ = {isa = PBXFileReference; fileEncoding = 4; lastKnownFileType = sourcecode.c.h; path = "NSObject+KVCExceptionCatch.h"; sourceTree = "<group>"; };
		69EF04C2202C0AB6002B9B09 /* SafeCode.m */ = {isa = PBXFileReference; fileEncoding = 4; lastKnownFileType = sourcecode.c.objc; path = SafeCode.m; sourceTree = "<group>"; };
		69EF04C3202C0AB6002B9B09 /* SafeCode.h */ = {isa = PBXFileReference; fileEncoding = 4; lastKnownFileType = sourcecode.c.h; path = SafeCode.h; sourceTree = "<group>"; };
		69EF04C5202C0AD8002B9B09 /* Utils-ObjC-Header.h */ = {isa = PBXFileReference; lastKnownFileType = sourcecode.c.h; path = "Utils-ObjC-Header.h"; sourceTree = "<group>"; };
		69EF04C6202C0BE6002B9B09 /* ObjC-Macro.h */ = {isa = PBXFileReference; fileEncoding = 4; lastKnownFileType = sourcecode.c.h; path = "ObjC-Macro.h"; sourceTree = "<group>"; };
		69EF04C7202C0CD5002B9B09 /* ObjC-Warning.h */ = {isa = PBXFileReference; fileEncoding = 4; lastKnownFileType = sourcecode.c.h; path = "ObjC-Warning.h"; sourceTree = "<group>"; };
		69EF04C8202C0D20002B9B09 /* ObjC-Defines.h */ = {isa = PBXFileReference; fileEncoding = 4; lastKnownFileType = sourcecode.c.h; path = "ObjC-Defines.h"; sourceTree = "<group>"; };
		69EF04CB202C0E82002B9B09 /* Statistic.swift */ = {isa = PBXFileReference; lastKnownFileType = sourcecode.swift; path = Statistic.swift; sourceTree = "<group>"; };
		69EF04D0202C1340002B9B09 /* README.markdown */ = {isa = PBXFileReference; fileEncoding = 4; lastKnownFileType = net.daringfireball.markdown; path = README.markdown; sourceTree = "<group>"; };
		69EF04D1202C1340002B9B09 /* TFHpple.h */ = {isa = PBXFileReference; fileEncoding = 4; lastKnownFileType = sourcecode.c.h; path = TFHpple.h; sourceTree = "<group>"; };
		69EF04D2202C1340002B9B09 /* TFHpple.m */ = {isa = PBXFileReference; fileEncoding = 4; lastKnownFileType = sourcecode.c.objc; path = TFHpple.m; sourceTree = "<group>"; };
		69EF04D3202C1340002B9B09 /* TFHppleElement.h */ = {isa = PBXFileReference; fileEncoding = 4; lastKnownFileType = sourcecode.c.h; path = TFHppleElement.h; sourceTree = "<group>"; };
		69EF04D4202C1340002B9B09 /* TFHppleElement.m */ = {isa = PBXFileReference; fileEncoding = 4; lastKnownFileType = sourcecode.c.objc; path = TFHppleElement.m; sourceTree = "<group>"; };
		69EF04D5202C1340002B9B09 /* XPathQuery.h */ = {isa = PBXFileReference; fileEncoding = 4; lastKnownFileType = sourcecode.c.h; path = XPathQuery.h; sourceTree = "<group>"; };
		69EF04D6202C1340002B9B09 /* XPathQuery.m */ = {isa = PBXFileReference; fileEncoding = 4; lastKnownFileType = sourcecode.c.objc; path = XPathQuery.m; sourceTree = "<group>"; };
		69EF04D8202C1340002B9B09 /* IJKMediaFramework.framework */ = {isa = PBXFileReference; lastKnownFileType = wrapper.framework; path = IJKMediaFramework.framework; sourceTree = "<group>"; };
		69EF04DF202C1367002B9B09 /* Assets.xcassets */ = {isa = PBXFileReference; lastKnownFileType = folder.assetcatalog; path = Assets.xcassets; sourceTree = "<group>"; };
		69EF04E1202C13F2002B9B09 /* StatisticUtil.h */ = {isa = PBXFileReference; fileEncoding = 4; lastKnownFileType = sourcecode.c.h; path = StatisticUtil.h; sourceTree = "<group>"; };
		69EF04E2202C13F3002B9B09 /* StatisticUtil.m */ = {isa = PBXFileReference; fileEncoding = 4; lastKnownFileType = sourcecode.c.objc; path = StatisticUtil.m; sourceTree = "<group>"; };
		69EF04ED202C15BB002B9B09 /* Avatar.swift */ = {isa = PBXFileReference; lastKnownFileType = sourcecode.swift; path = Avatar.swift; sourceTree = "<group>"; };
		69EF04EF202C174C002B9B09 /* Cache.swift */ = {isa = PBXFileReference; lastKnownFileType = sourcecode.swift; path = Cache.swift; sourceTree = "<group>"; };
		69EF04F1202C1CDB002B9B09 /* API.swift */ = {isa = PBXFileReference; lastKnownFileType = sourcecode.swift; path = API.swift; sourceTree = "<group>"; };
		69EF04F5202C1E64002B9B09 /* AppConstant.swift */ = {isa = PBXFileReference; lastKnownFileType = sourcecode.swift; path = AppConstant.swift; sourceTree = "<group>"; };
		69EF04F7202C1F1D002B9B09 /* UserSession.swift */ = {isa = PBXFileReference; lastKnownFileType = sourcecode.swift; path = UserSession.swift; sourceTree = "<group>"; };
		69EF04F9202C1F76002B9B09 /* TangUser.swift */ = {isa = PBXFileReference; lastKnownFileType = sourcecode.swift; path = TangUser.swift; sourceTree = "<group>"; };
		69EF04FB202C200D002B9B09 /* TangBlog.swift */ = {isa = PBXFileReference; lastKnownFileType = sourcecode.swift; path = TangBlog.swift; sourceTree = "<group>"; };
		69EF04FD202C33BA002B9B09 /* TangPost.swift */ = {isa = PBXFileReference; lastKnownFileType = sourcecode.swift; path = TangPost.swift; sourceTree = "<group>"; };
		69EF04FF202C3656002B9B09 /* TangPlayerInfo.swift */ = {isa = PBXFileReference; lastKnownFileType = sourcecode.swift; path = TangPlayerInfo.swift; sourceTree = "<group>"; };
		69EF0503202C3C0E002B9B09 /* Codable+Ext.swift */ = {isa = PBXFileReference; lastKnownFileType = sourcecode.swift; path = "Codable+Ext.swift"; sourceTree = "<group>"; };
		69EF0509202C4859002B9B09 /* BaseViewController.swift */ = {isa = PBXFileReference; lastKnownFileType = sourcecode.swift; path = BaseViewController.swift; sourceTree = "<group>"; };
		69EF050B202C4E47002B9B09 /* TangLoginGuideViewCtrl.swift */ = {isa = PBXFileReference; lastKnownFileType = sourcecode.swift; path = TangLoginGuideViewCtrl.swift; sourceTree = "<group>"; };
		69EF050D202C4EBF002B9B09 /* TangLoginNaviCtrl.swift */ = {isa = PBXFileReference; lastKnownFileType = sourcecode.swift; path = TangLoginNaviCtrl.swift; sourceTree = "<group>"; };
		69EF050F202C507E002B9B09 /* TangLoginViewCtrl.swift */ = {isa = PBXFileReference; lastKnownFileType = sourcecode.swift; path = TangLoginViewCtrl.swift; sourceTree = "<group>"; };
		69EF0512202C5892002B9B09 /* TangDashboardViewCtrl.swift */ = {isa = PBXFileReference; lastKnownFileType = sourcecode.swift; path = TangDashboardViewCtrl.swift; sourceTree = "<group>"; };
		69EF0514202C5AD1002B9B09 /* Math.swift */ = {isa = PBXFileReference; lastKnownFileType = sourcecode.swift; path = Math.swift; sourceTree = "<group>"; };
/* End PBXFileReference section */

/* Begin PBXFrameworksBuildPhase section */
		69BFBD0A1F6A56D0004338EF /* Frameworks */ = {
			isa = PBXFrameworksBuildPhase;
			buildActionMask = 2147483647;
			files = (
				69EF04DD202C1340002B9B09 /* IJKMediaFramework.framework in Frameworks */,
				696F79B92015D76B003AD983 /* Pods_Tang.framework in Frameworks */,
				2D74434C1F6CFB1300792701 /* libxml2.tbd in Frameworks */,
			);
			runOnlyForDeploymentPostprocessing = 0;
		};
/* End PBXFrameworksBuildPhase section */

/* Begin PBXGroup section */
		2D74432E1F6CEAB000792701 /* View */ = {
			isa = PBXGroup;
			children = (
				2D74432F1F6CEAC900792701 /* TangHomeCell.h */,
				2D7443301F6CEAC900792701 /* TangHomeCell.m */,
			);
			path = View;
			sourceTree = "<group>";
		};
		2DC9B6A91F6E79850092DACB /* VideoPlayer */ = {
			isa = PBXGroup;
			children = (
				2DC9B6AA1F6E79990092DACB /* TangPlayer.storyboard */,
				2DC9B6AE1F6E79AB0092DACB /* View */,
				2DC9B6AD1F6E79A30092DACB /* Common */,
				2DC9B6AC1F6E799D0092DACB /* ViewCtrl */,
			);
			path = VideoPlayer;
			sourceTree = "<group>";
		};
		2DC9B6AC1F6E799D0092DACB /* ViewCtrl */ = {
			isa = PBXGroup;
			children = (
				2DC9B6B51F6E7B690092DACB /* TangPlayerViewCtrl.h */,
				2DC9B6B61F6E7B690092DACB /* TangPlayerViewCtrl.m */,
			);
			path = ViewCtrl;
			sourceTree = "<group>";
		};
		2DC9B6AD1F6E79A30092DACB /* Common */ = {
			isa = PBXGroup;
			children = (
				2DCBCCD91F6EB79E0060D732 /* TangPostVideoParser.h */,
				2DCBCCDA1F6EB79E0060D732 /* TangPostVideoParser.m */,
				695777BF1F7F7192005F46B9 /* TangPlayerTransition.h */,
				695777C01F7F7192005F46B9 /* TangPlayerTransition.m */,
			);
			path = Common;
			sourceTree = "<group>";
		};
		2DC9B6AE1F6E79AB0092DACB /* View */ = {
			isa = PBXGroup;
			children = (
				2DC9B6B21F6E7A640092DACB /* TangPlayerView.h */,
				2DC9B6B31F6E7A640092DACB /* TangPlayerView.m */,
				2DCBCCDF1F6EDC370060D732 /* TangVolumeIndicator.h */,
				2DCBCCE01F6EDC370060D732 /* TangVolumeIndicator.m */,
			);
			path = View;
			sourceTree = "<group>";
		};
		69BFBD041F6A56CF004338EF = {
			isa = PBXGroup;
			children = (
				69BFBD0F1F6A56D0004338EF /* Tang */,
				69BFBD0E1F6A56D0004338EF /* Products */,
				9875F0267A9838007E92D6D2 /* Pods */,
				FAA05CE5CFE0EDD0AFFE1AFA /* Frameworks */,
			);
			sourceTree = "<group>";
		};
		69BFBD0E1F6A56D0004338EF /* Products */ = {
			isa = PBXGroup;
			children = (
				69BFBD0D1F6A56D0004338EF /* Tang.app */,
			);
			name = Products;
			sourceTree = "<group>";
		};
		69BFBD0F1F6A56D0004338EF /* Tang */ = {
			isa = PBXGroup;
			children = (
				69EF04DE202C1367002B9B09 /* Resource */,
				69EF04CD202C1340002B9B09 /* Third-Party */,
				69EF0472202BF1E4002B9B09 /* General */,
				69EF04E5202C152B002B9B09 /* AppCode */,
				69BFBD261F6A5991004338EF /* Content */,
				69BFBE741F6A59E0004338EF /* Supporting Files */,
			);
			path = Tang;
			sourceTree = "<group>";
		};
		69BFBD261F6A5991004338EF /* Content */ = {
			isa = PBXGroup;
			children = (
				69BFBD3E1F6A5991004338EF /* General */,
				69BFBE031F6A5992004338EF /* Module */,
			);
			path = Content;
			sourceTree = "<group>";
		};
		69BFBD3E1F6A5991004338EF /* General */ = {
			isa = PBXGroup;
			children = (
				69BFBDB71F6A5992004338EF /* UI */,
			);
			path = General;
			sourceTree = "<group>";
		};
		69BFBDB71F6A5992004338EF /* UI */ = {
			isa = PBXGroup;
			children = (
				69BFBDCB1F6A5992004338EF /* Label */,
				69BFBDCE1F6A5992004338EF /* Line */,
				69BFBDDC1F6A5992004338EF /* Refresh */,
				69BFBDDF1F6A5992004338EF /* SDCycleScrollView */,
				69BFBDEF1F6A5992004338EF /* Segment */,
				69BFBDF21F6A5992004338EF /* TextField */,
				69BFBDF81F6A5992004338EF /* WebView */,
			);
			path = UI;
			sourceTree = "<group>";
		};
		69BFBDCB1F6A5992004338EF /* Label */ = {
			isa = PBXGroup;
			children = (
				69BFBDCC1F6A5992004338EF /* YGLabel.h */,
				69BFBDCD1F6A5992004338EF /* YGLabel.m */,
			);
			path = Label;
			sourceTree = "<group>";
		};
		69BFBDCE1F6A5992004338EF /* Line */ = {
			isa = PBXGroup;
			children = (
				69BFBDCF1F6A5992004338EF /* YGLineView.h */,
				69BFBDD01F6A5992004338EF /* YGLineView.m */,
			);
			path = Line;
			sourceTree = "<group>";
		};
		69BFBDDC1F6A5992004338EF /* Refresh */ = {
			isa = PBXGroup;
			children = (
				69BFBDDD1F6A5992004338EF /* YGRefreshComponent.h */,
				69BFBDDE1F6A5992004338EF /* YGRefreshComponent.m */,
			);
			path = Refresh;
			sourceTree = "<group>";
		};
		69BFBDDF1F6A5992004338EF /* SDCycleScrollView */ = {
			isa = PBXGroup;
			children = (
				69BFBDE01F6A5992004338EF /* PageControl */,
				69BFBDE91F6A5992004338EF /* SDCollectionViewCell.h */,
				69BFBDEA1F6A5992004338EF /* SDCollectionViewCell.m */,
				69BFBDEB1F6A5992004338EF /* SDCycleScrollView.h */,
				69BFBDEC1F6A5992004338EF /* SDCycleScrollView.m */,
				69BFBDED1F6A5992004338EF /* UIView+SDExtension.h */,
				69BFBDEE1F6A5992004338EF /* UIView+SDExtension.m */,
			);
			path = SDCycleScrollView;
			sourceTree = "<group>";
		};
		69BFBDE01F6A5992004338EF /* PageControl */ = {
			isa = PBXGroup;
			children = (
				69BFBDE11F6A5992004338EF /* TAAbstractDotView.h */,
				69BFBDE21F6A5992004338EF /* TAAbstractDotView.m */,
				69BFBDE31F6A5992004338EF /* TAAnimatedDotView.h */,
				69BFBDE41F6A5992004338EF /* TAAnimatedDotView.m */,
				69BFBDE51F6A5992004338EF /* TADotView.h */,
				69BFBDE61F6A5992004338EF /* TADotView.m */,
				69BFBDE71F6A5992004338EF /* TAPageControl.h */,
				69BFBDE81F6A5992004338EF /* TAPageControl.m */,
			);
			path = PageControl;
			sourceTree = "<group>";
		};
		69BFBDEF1F6A5992004338EF /* Segment */ = {
			isa = PBXGroup;
			children = (
				69BFBDF01F6A5992004338EF /* DDSegmentScrollView.h */,
				69BFBDF11F6A5992004338EF /* DDSegmentScrollView.m */,
			);
			path = Segment;
			sourceTree = "<group>";
		};
		69BFBDF21F6A5992004338EF /* TextField */ = {
			isa = PBXGroup;
			children = (
				69BFBDF31F6A5992004338EF /* YGTextField.h */,
				69BFBDF41F6A5992004338EF /* YGTextField.m */,
			);
			path = TextField;
			sourceTree = "<group>";
		};
		69BFBDF81F6A5992004338EF /* WebView */ = {
			isa = PBXGroup;
			children = (
				69BFBDF91F6A5992004338EF /* DDWebInspector.h */,
				69BFBDFA1F6A5992004338EF /* DDWebInspector.m */,
				69BFBDFB1F6A5992004338EF /* DDWebViewController.h */,
				69BFBDFC1F6A5992004338EF /* DDWebViewController.m */,
			);
			path = WebView;
			sourceTree = "<group>";
		};
		69BFBE031F6A5992004338EF /* Module */ = {
			isa = PBXGroup;
			children = (
				2DC9B6A91F6E79850092DACB /* VideoPlayer */,
				69BFBE7A1F6A5E7C004338EF /* Mine */,
				69BFBE791F6A5E73004338EF /* Download */,
				69BFBE781F6A5E6E004338EF /* Discover */,
				69BFBE771F6A5E69004338EF /* Home */,
				69BFBE041F6A5992004338EF /* Base */,
			);
			path = Module;
			sourceTree = "<group>";
		};
		69BFBE041F6A5992004338EF /* Base */ = {
			isa = PBXGroup;
			children = (
				69BFBE071F6A5992004338EF /* YGBaseNaviCtrl.h */,
				69BFBE081F6A5992004338EF /* YGBaseNaviCtrl.m */,
				69BFBE091F6A5992004338EF /* YGBasePopViewCtrl.h */,
				69BFBE0A1F6A5992004338EF /* YGBasePopViewCtrl.m */,
				69BFBE0B1F6A5992004338EF /* YGBaseViewCtrl.h */,
				69BFBE0C1F6A5992004338EF /* YGBaseViewCtrl.m */,
				69BFBE0D1F6A5992004338EF /* YGBaseWebViewCtrl.h */,
				69BFBE0E1F6A5992004338EF /* YGBaseWebViewCtrl.m */,
				69BFBE0F1F6A5992004338EF /* YGTabBarCtrl.h */,
				69BFBE101F6A5992004338EF /* YGTabBarCtrl.m */,
			);
			path = Base;
			sourceTree = "<group>";
		};
		69BFBE741F6A59E0004338EF /* Supporting Files */ = {
			isa = PBXGroup;
			children = (
				69BFBD101F6A56D0004338EF /* TangDelegate.h */,
				69BFBD111F6A56D0004338EF /* TangDelegate.m */,
				69BFBE751F6A5A42004338EF /* Tang-Prefix.pch */,
				69BFBD161F6A56D0004338EF /* Main.storyboard */,
				69BFBD1B1F6A56D0004338EF /* LaunchScreen.storyboard */,
				69BFBD1E1F6A56D0004338EF /* Info.plist */,
				69BFBD1F1F6A56D0004338EF /* main.m */,
			);
			name = "Supporting Files";
			sourceTree = "<group>";
		};
		69BFBE771F6A5E69004338EF /* Home */ = {
			isa = PBXGroup;
			children = (
				2D74432E1F6CEAB000792701 /* View */,
				69BFBE841F6A629C004338EF /* ViewCtrl */,
			);
			path = Home;
			sourceTree = "<group>";
		};
		69BFBE781F6A5E6E004338EF /* Discover */ = {
			isa = PBXGroup;
			children = (
				69BFBE7E1F6A60BB004338EF /* TangDiscover.storyboard */,
			);
			path = Discover;
			sourceTree = "<group>";
		};
		69BFBE791F6A5E73004338EF /* Download */ = {
			isa = PBXGroup;
			children = (
				69BFBE801F6A60C4004338EF /* TangDownload.storyboard */,
			);
			path = Download;
			sourceTree = "<group>";
		};
		69BFBE7A1F6A5E7C004338EF /* Mine */ = {
			isa = PBXGroup;
			children = (
				69BFBE821F6A60CC004338EF /* TangMine.storyboard */,
			);
			path = Mine;
			sourceTree = "<group>";
		};
		69BFBE841F6A629C004338EF /* ViewCtrl */ = {
			isa = PBXGroup;
			children = (
				69228D871F6A840F00F0F8DC /* TangHomeViewCtrl.h */,
				69228D881F6A840F00F0F8DC /* TangHomeViewCtrl.m */,
			);
			path = ViewCtrl;
			sourceTree = "<group>";
		};
		69EF0472202BF1E4002B9B09 /* General */ = {
			isa = PBXGroup;
			children = (
				69EF0473202BF1E4002B9B09 /* AppSupport */,
				69EF0474202BF1E4002B9B09 /* Config */,
				69EF0476202BF1E4002B9B09 /* Constant */,
				69EF047B202BF1E4002B9B09 /* Extension */,
				69EF048A202BF1E4002B9B09 /* Utils */,
			);
			path = General;
			sourceTree = "<group>";
		};
		69EF0473202BF1E4002B9B09 /* AppSupport */ = {
			isa = PBXGroup;
			children = (
				69EF04A3202BF2C6002B9B09 /* Tang-Bridging-Header.h */,
			);
			path = AppSupport;
			sourceTree = "<group>";
		};
		69EF0474202BF1E4002B9B09 /* Config */ = {
			isa = PBXGroup;
			children = (
				69EF0475202BF1E4002B9B09 /* Config.swift */,
			);
			path = Config;
			sourceTree = "<group>";
		};
		69EF0476202BF1E4002B9B09 /* Constant */ = {
			isa = PBXGroup;
			children = (
				69EF0477202BF1E4002B9B09 /* Appearance.swift */,
				69EF0478202BF1E4002B9B09 /* Constant.swift */,
				69EF0479202BF1E4002B9B09 /* Network.swift */,
				69EF047A202BF1E4002B9B09 /* ThirdParty.swift */,
			);
			path = Constant;
			sourceTree = "<group>";
		};
		69EF047B202BF1E4002B9B09 /* Extension */ = {
			isa = PBXGroup;
			children = (
				69EF047C202BF1E4002B9B09 /* Foundation */,
				69EF047E202BF1E4002B9B09 /* Swift */,
				69EF047F202BF1E4002B9B09 /* UIKit */,
			);
			path = Extension;
			sourceTree = "<group>";
		};
		69EF047C202BF1E4002B9B09 /* Foundation */ = {
			isa = PBXGroup;
			children = (
				69EF04B9202BFAC3002B9B09 /* Objective-C */,
				69EF047D202BF1E4002B9B09 /* NSObject+Ext.swift */,
			);
			path = Foundation;
			sourceTree = "<group>";
		};
		69EF047E202BF1E4002B9B09 /* Swift */ = {
			isa = PBXGroup;
			children = (
				69EF0503202C3C0E002B9B09 /* Codable+Ext.swift */,
			);
			path = Swift;
			sourceTree = "<group>";
		};
		69EF047F202BF1E4002B9B09 /* UIKit */ = {
			isa = PBXGroup;
			children = (
				69EF04A4202BF46F002B9B09 /* Objective-C */,
				69EF0480202BF1E4002B9B09 /* UIAlertController+Ext.swift */,
				69EF0481202BF1E4002B9B09 /* UIButton+Ext.swift */,
				69EF0482202BF1E4002B9B09 /* UICollectionViewCell+Ext.swift */,
				69EF0484202BF1E4002B9B09 /* UINavigationBar+Ext.swift */,
				69EF0483202BF1E4002B9B09 /* UIDevice+Ext.swift */,
				69EF0485202BF1E4002B9B09 /* UINavigationController+Ext.swift */,
				69EF0486202BF1E4002B9B09 /* UISearchBar+Ext.swift */,
				69EF0487202BF1E4002B9B09 /* UIView+Ext.swift */,
				69EF0488202BF1E4002B9B09 /* UIView+Hidden.swift */,
				69EF0489202BF1E4002B9B09 /* UIViewController+Storyboard.swift */,
				69EF04AC202BF53C002B9B09 /* UITableView+Ext.swift */,
				69EF04B1202BF837002B9B09 /* UIScrollView+Ext.swift */,
			);
			path = UIKit;
			sourceTree = "<group>";
		};
		69EF048A202BF1E4002B9B09 /* Utils */ = {
			isa = PBXGroup;
			children = (
				69EF04BE202C0A68002B9B09 /* Objective-C */,
				69EF048B202BF1E4002B9B09 /* Func.swift */,
				69EF04CB202C0E82002B9B09 /* Statistic.swift */,
				69EF0514202C5AD1002B9B09 /* Math.swift */,
			);
			path = Utils;
			sourceTree = "<group>";
		};
		69EF04A4202BF46F002B9B09 /* Objective-C */ = {
			isa = PBXGroup;
			children = (
				69EF04AB202BF4F1002B9B09 /* UIKit-Ext-ObjC-Header.h */,
				69EF04A5202BF488002B9B09 /* UINavigationBar+yg_IBInspectable.h */,
				69EF04A6202BF489002B9B09 /* UINavigationBar+yg_IBInspectable.m */,
				69EF04A8202BF4CF002B9B09 /* UITabBar+yg_IBInspectable.h */,
				69EF04A9202BF4CF002B9B09 /* UITabBar+yg_IBInspectable.m */,
				69EF04AE202BF689002B9B09 /* UIToolbar+yg_IBInspectable.h */,
				69EF04AF202BF689002B9B09 /* UIToolbar+yg_IBInspectable.m */,
				69EF04B3202BF8F7002B9B09 /* UIViewController+yg_IBInspectable.h */,
				69EF04B4202BF8F7002B9B09 /* UIViewController+yg_IBInspectable.m */,
				69EF04B6202BF8F7002B9B09 /* UIViewController+yg_StatusBar.h */,
				69EF04B5202BF8F7002B9B09 /* UIViewController+yg_StatusBar.m */,
			);
			path = "Objective-C";
			sourceTree = "<group>";
		};
		69EF04B9202BFAC3002B9B09 /* Objective-C */ = {
			isa = PBXGroup;
			children = (
				69EF04BB202BFADF002B9B09 /* NSObject+KVCExceptionCatch.h */,
				69EF04BA202BFADF002B9B09 /* NSObject+KVCExceptionCatch.m */,
			);
			path = "Objective-C";
			sourceTree = "<group>";
		};
		69EF04BE202C0A68002B9B09 /* Objective-C */ = {
			isa = PBXGroup;
			children = (
				69EF04C5202C0AD8002B9B09 /* Utils-ObjC-Header.h */,
				69EF04C6202C0BE6002B9B09 /* ObjC-Macro.h */,
				69EF04C7202C0CD5002B9B09 /* ObjC-Warning.h */,
				69EF04C8202C0D20002B9B09 /* ObjC-Defines.h */,
				69EF04C3202C0AB6002B9B09 /* SafeCode.h */,
				69EF04C2202C0AB6002B9B09 /* SafeCode.m */,
				69EF04E1202C13F2002B9B09 /* StatisticUtil.h */,
				69EF04E2202C13F3002B9B09 /* StatisticUtil.m */,
			);
			path = "Objective-C";
			sourceTree = "<group>";
		};
		69EF04CD202C1340002B9B09 /* Third-Party */ = {
			isa = PBXGroup;
			children = (
				69EF04CF202C1340002B9B09 /* hpple */,
				69EF04D7202C1340002B9B09 /* ijkplayer */,
			);
			path = "Third-Party";
			sourceTree = "<group>";
		};
		69EF04CF202C1340002B9B09 /* hpple */ = {
			isa = PBXGroup;
			children = (
				69EF04D0202C1340002B9B09 /* README.markdown */,
				69EF04D1202C1340002B9B09 /* TFHpple.h */,
				69EF04D2202C1340002B9B09 /* TFHpple.m */,
				69EF04D3202C1340002B9B09 /* TFHppleElement.h */,
				69EF04D4202C1340002B9B09 /* TFHppleElement.m */,
				69EF04D5202C1340002B9B09 /* XPathQuery.h */,
				69EF04D6202C1340002B9B09 /* XPathQuery.m */,
			);
			path = hpple;
			sourceTree = "<group>";
		};
		69EF04D7202C1340002B9B09 /* ijkplayer */ = {
			isa = PBXGroup;
			children = (
				69EF04D8202C1340002B9B09 /* IJKMediaFramework.framework */,
			);
			path = ijkplayer;
			sourceTree = "<group>";
		};
		69EF04DE202C1367002B9B09 /* Resource */ = {
			isa = PBXGroup;
			children = (
				69EF04DF202C1367002B9B09 /* Assets.xcassets */,
			);
			path = Resource;
			sourceTree = "<group>";
		};
		69EF04E5202C152B002B9B09 /* AppCode */ = {
			isa = PBXGroup;
			children = (
				69EF04E6202C155A002B9B09 /* General */,
				69EF04E7202C1560002B9B09 /* Model */,
				69EF04E8202C1564002B9B09 /* Module */,
			);
			path = AppCode;
			sourceTree = "<group>";
		};
		69EF04E6202C155A002B9B09 /* General */ = {
			isa = PBXGroup;
			children = (
				69EF04F5202C1E64002B9B09 /* AppConstant.swift */,
				69EF04ED202C15BB002B9B09 /* Avatar.swift */,
				69EF04EF202C174C002B9B09 /* Cache.swift */,
				69EF04F1202C1CDB002B9B09 /* API.swift */,
				69EF04F7202C1F1D002B9B09 /* UserSession.swift */,
				69EF0509202C4859002B9B09 /* BaseViewController.swift */,
			);
			path = General;
			sourceTree = "<group>";
		};
		69EF04E7202C1560002B9B09 /* Model */ = {
			isa = PBXGroup;
			children = (
				69EF04F9202C1F76002B9B09 /* TangUser.swift */,
				69EF04FB202C200D002B9B09 /* TangBlog.swift */,
				69EF04FD202C33BA002B9B09 /* TangPost.swift */,
				69EF04FF202C3656002B9B09 /* TangPlayerInfo.swift */,
			);
			path = Model;
			sourceTree = "<group>";
		};
		69EF04E8202C1564002B9B09 /* Module */ = {
			isa = PBXGroup;
			children = (
				69EF0507202C480A002B9B09 /* Login */,
				69EF0505202C47EF002B9B09 /* Dashboard */,
				69EF0506202C47FC002B9B09 /* Discover */,
			);
			path = Module;
			sourceTree = "<group>";
		};
		69EF0505202C47EF002B9B09 /* Dashboard */ = {
			isa = PBXGroup;
			children = (
				69BFBE7C1F6A6030004338EF /* TangHome.storyboard */,
				69EF0511202C587A002B9B09 /* Ctrls */,
			);
			path = Dashboard;
			sourceTree = "<group>";
		};
		69EF0506202C47FC002B9B09 /* Discover */ = {
			isa = PBXGroup;
			children = (
			);
			path = Discover;
			sourceTree = "<group>";
		};
		69EF0507202C480A002B9B09 /* Login */ = {
			isa = PBXGroup;
			children = (
				2D7443331F6CEC1C00792701 /* TangLogin.storyboard */,
				69EF0508202C4819002B9B09 /* Ctrls */,
			);
			path = Login;
			sourceTree = "<group>";
		};
		69EF0508202C4819002B9B09 /* Ctrls */ = {
			isa = PBXGroup;
			children = (
				69EF050B202C4E47002B9B09 /* TangLoginGuideViewCtrl.swift */,
				69EF050D202C4EBF002B9B09 /* TangLoginNaviCtrl.swift */,
				69EF050F202C507E002B9B09 /* TangLoginViewCtrl.swift */,
			);
			path = Ctrls;
			sourceTree = "<group>";
		};
		69EF0511202C587A002B9B09 /* Ctrls */ = {
			isa = PBXGroup;
			children = (
				69EF0512202C5892002B9B09 /* TangDashboardViewCtrl.swift */,
			);
			path = Ctrls;
			sourceTree = "<group>";
		};
		9875F0267A9838007E92D6D2 /* Pods */ = {
			isa = PBXGroup;
			children = (
				2DA738F2F1456D6FAC1E654A /* Pods-Tang.debug.xcconfig */,
				58AB2BCB4DB952CCA764BA49 /* Pods-Tang.release.xcconfig */,
			);
			name = Pods;
			sourceTree = "<group>";
		};
		FAA05CE5CFE0EDD0AFFE1AFA /* Frameworks */ = {
			isa = PBXGroup;
			children = (
				2D74434B1F6CFB1300792701 /* libxml2.tbd */,
				699D24A5A16F78E85DC2EBF7 /* Pods_Tang.framework */,
			);
			name = Frameworks;
			sourceTree = "<group>";
		};
/* End PBXGroup section */

/* Begin PBXNativeTarget section */
		69BFBD0C1F6A56D0004338EF /* Tang */ = {
			isa = PBXNativeTarget;
			buildConfigurationList = 69BFBD231F6A56D0004338EF /* Build configuration list for PBXNativeTarget "Tang" */;
			buildPhases = (
				E3E9A63660FDDE7E00CEDAB9 /* [CP] Check Pods Manifest.lock */,
				69BFBD091F6A56D0004338EF /* Sources */,
				69BFBD0A1F6A56D0004338EF /* Frameworks */,
				69BFBD0B1F6A56D0004338EF /* Resources */,
				53EB8FFBB06917850ABF5353 /* [CP] Embed Pods Frameworks */,
				8FB9CA90EE98570F4089E0FD /* [CP] Copy Pods Resources */,
			);
			buildRules = (
			);
			dependencies = (
			);
			name = Tang;
			productName = Tang;
			productReference = 69BFBD0D1F6A56D0004338EF /* Tang.app */;
			productType = "com.apple.product-type.application";
		};
/* End PBXNativeTarget section */

/* Begin PBXProject section */
		69BFBD051F6A56CF004338EF /* Project object */ = {
			isa = PBXProject;
			attributes = {
				LastUpgradeCheck = 0900;
				ORGANIZATIONNAME = tiny;
				TargetAttributes = {
					69BFBD0C1F6A56D0004338EF = {
						CreatedOnToolsVersion = 9.0;
						ProvisioningStyle = Automatic;
					};
				};
			};
			buildConfigurationList = 69BFBD081F6A56CF004338EF /* Build configuration list for PBXProject "Tang" */;
			compatibilityVersion = "Xcode 8.0";
			developmentRegion = en;
			hasScannedForEncodings = 0;
			knownRegions = (
				en,
				Base,
			);
			mainGroup = 69BFBD041F6A56CF004338EF;
			productRefGroup = 69BFBD0E1F6A56D0004338EF /* Products */;
			projectDirPath = "";
			projectRoot = "";
			targets = (
				69BFBD0C1F6A56D0004338EF /* Tang */,
			);
		};
/* End PBXProject section */

/* Begin PBXResourcesBuildPhase section */
		69BFBD0B1F6A56D0004338EF /* Resources */ = {
			isa = PBXResourcesBuildPhase;
			buildActionMask = 2147483647;
			files = (
				69BFBE811F6A60C4004338EF /* TangDownload.storyboard in Resources */,
				69BFBE7F1F6A60BB004338EF /* TangDiscover.storyboard in Resources */,
				69EF04D9202C1340002B9B09 /* README.markdown in Resources */,
				69BFBD1D1F6A56D0004338EF /* LaunchScreen.storyboard in Resources */,
				2DC9B6AB1F6E79990092DACB /* TangPlayer.storyboard in Resources */,
				69BFBD181F6A56D0004338EF /* Main.storyboard in Resources */,
				69BFBE831F6A60CC004338EF /* TangMine.storyboard in Resources */,
				2D7443341F6CEC1C00792701 /* TangLogin.storyboard in Resources */,
				69EF04E0202C1367002B9B09 /* Assets.xcassets in Resources */,
				69BFBE7D1F6A6030004338EF /* TangHome.storyboard in Resources */,
			);
			runOnlyForDeploymentPostprocessing = 0;
		};
/* End PBXResourcesBuildPhase section */

/* Begin PBXShellScriptBuildPhase section */
		53EB8FFBB06917850ABF5353 /* [CP] Embed Pods Frameworks */ = {
			isa = PBXShellScriptBuildPhase;
			buildActionMask = 2147483647;
			files = (
			);
			inputPaths = (
				"${SRCROOT}/Pods/Target Support Files/Pods-Tang/Pods-Tang-frameworks.sh",
				"${BUILT_PRODUCTS_DIR}/AFNetworking/AFNetworking.framework",
				"${BUILT_PRODUCTS_DIR}/CocoaAsyncSocket/CocoaAsyncSocket.framework",
				"${BUILT_PRODUCTS_DIR}/CocoaHTTPServer/CocoaHTTPServer.framework",
				"${BUILT_PRODUCTS_DIR}/CocoaLumberjack/CocoaLumberjack.framework",
				"${BUILT_PRODUCTS_DIR}/DZNEmptyDataSet/DZNEmptyDataSet.framework",
				"${BUILT_PRODUCTS_DIR}/FCUUID/FCUUID.framework",
				"${BUILT_PRODUCTS_DIR}/FLAnimatedImage/FLAnimatedImage.framework",
				"${BUILT_PRODUCTS_DIR}/IQKeyboardManager/IQKeyboardManager.framework",
				"${BUILT_PRODUCTS_DIR}/JZNavigationExtension/JZNavigationExtension.framework",
				"${BUILT_PRODUCTS_DIR}/KTVHTTPCache/KTVHTTPCache.framework",
				"${BUILT_PRODUCTS_DIR}/MJRefresh/MJRefresh.framework",
				"${BUILT_PRODUCTS_DIR}/ReactiveObjC/ReactiveObjC.framework",
				"${BUILT_PRODUCTS_DIR}/SDWebImage/SDWebImage.framework",
				"${BUILT_PRODUCTS_DIR}/SVProgressHUD/SVProgressHUD.framework",
				"${BUILT_PRODUCTS_DIR}/TMTumblrSDK/TMTumblrSDK.framework",
				"${BUILT_PRODUCTS_DIR}/UICKeyChainStore/UICKeyChainStore.framework",
				"${BUILT_PRODUCTS_DIR}/WebViewJavascriptBridge/WebViewJavascriptBridge.framework",
				"${BUILT_PRODUCTS_DIR}/YYCache/YYCache.framework",
				"${BUILT_PRODUCTS_DIR}/YYCategories/YYCategories.framework",
				"${BUILT_PRODUCTS_DIR}/YYModel/YYModel.framework",
				"${BUILT_PRODUCTS_DIR}/libwebp/libwebp.framework",
			);
			name = "[CP] Embed Pods Frameworks";
			outputPaths = (
				"${TARGET_BUILD_DIR}/${FRAMEWORKS_FOLDER_PATH}/AFNetworking.framework",
				"${TARGET_BUILD_DIR}/${FRAMEWORKS_FOLDER_PATH}/CocoaAsyncSocket.framework",
				"${TARGET_BUILD_DIR}/${FRAMEWORKS_FOLDER_PATH}/CocoaHTTPServer.framework",
				"${TARGET_BUILD_DIR}/${FRAMEWORKS_FOLDER_PATH}/CocoaLumberjack.framework",
				"${TARGET_BUILD_DIR}/${FRAMEWORKS_FOLDER_PATH}/DZNEmptyDataSet.framework",
				"${TARGET_BUILD_DIR}/${FRAMEWORKS_FOLDER_PATH}/FCUUID.framework",
				"${TARGET_BUILD_DIR}/${FRAMEWORKS_FOLDER_PATH}/FLAnimatedImage.framework",
				"${TARGET_BUILD_DIR}/${FRAMEWORKS_FOLDER_PATH}/IQKeyboardManager.framework",
				"${TARGET_BUILD_DIR}/${FRAMEWORKS_FOLDER_PATH}/JZNavigationExtension.framework",
				"${TARGET_BUILD_DIR}/${FRAMEWORKS_FOLDER_PATH}/KTVHTTPCache.framework",
				"${TARGET_BUILD_DIR}/${FRAMEWORKS_FOLDER_PATH}/MJRefresh.framework",
				"${TARGET_BUILD_DIR}/${FRAMEWORKS_FOLDER_PATH}/ReactiveObjC.framework",
				"${TARGET_BUILD_DIR}/${FRAMEWORKS_FOLDER_PATH}/SDWebImage.framework",
				"${TARGET_BUILD_DIR}/${FRAMEWORKS_FOLDER_PATH}/SVProgressHUD.framework",
				"${TARGET_BUILD_DIR}/${FRAMEWORKS_FOLDER_PATH}/TMTumblrSDK.framework",
				"${TARGET_BUILD_DIR}/${FRAMEWORKS_FOLDER_PATH}/UICKeyChainStore.framework",
				"${TARGET_BUILD_DIR}/${FRAMEWORKS_FOLDER_PATH}/WebViewJavascriptBridge.framework",
				"${TARGET_BUILD_DIR}/${FRAMEWORKS_FOLDER_PATH}/YYCache.framework",
				"${TARGET_BUILD_DIR}/${FRAMEWORKS_FOLDER_PATH}/YYCategories.framework",
				"${TARGET_BUILD_DIR}/${FRAMEWORKS_FOLDER_PATH}/YYModel.framework",
				"${TARGET_BUILD_DIR}/${FRAMEWORKS_FOLDER_PATH}/libwebp.framework",
			);
			runOnlyForDeploymentPostprocessing = 0;
			shellPath = /bin/sh;
			shellScript = "\"${SRCROOT}/Pods/Target Support Files/Pods-Tang/Pods-Tang-frameworks.sh\"\n";
			showEnvVarsInLog = 0;
		};
		8FB9CA90EE98570F4089E0FD /* [CP] Copy Pods Resources */ = {
			isa = PBXShellScriptBuildPhase;
			buildActionMask = 2147483647;
			files = (
			);
			inputPaths = (
			);
			name = "[CP] Copy Pods Resources";
			outputPaths = (
			);
			runOnlyForDeploymentPostprocessing = 0;
			shellPath = /bin/sh;
			shellScript = "\"${SRCROOT}/Pods/Target Support Files/Pods-Tang/Pods-Tang-resources.sh\"\n";
			showEnvVarsInLog = 0;
		};
		E3E9A63660FDDE7E00CEDAB9 /* [CP] Check Pods Manifest.lock */ = {
			isa = PBXShellScriptBuildPhase;
			buildActionMask = 2147483647;
			files = (
			);
			inputPaths = (
				"${PODS_PODFILE_DIR_PATH}/Podfile.lock",
				"${PODS_ROOT}/Manifest.lock",
			);
			name = "[CP] Check Pods Manifest.lock";
			outputPaths = (
				"$(DERIVED_FILE_DIR)/Pods-Tang-checkManifestLockResult.txt",
			);
			runOnlyForDeploymentPostprocessing = 0;
			shellPath = /bin/sh;
			shellScript = "diff \"${PODS_PODFILE_DIR_PATH}/Podfile.lock\" \"${PODS_ROOT}/Manifest.lock\" > /dev/null\nif [ $? != 0 ] ; then\n    # print error to STDERR\n    echo \"error: The sandbox is not in sync with the Podfile.lock. Run 'pod install' or update your CocoaPods installation.\" >&2\n    exit 1\nfi\n# This output is used by Xcode 'outputs' to avoid re-running this script phase.\necho \"SUCCESS\" > \"${SCRIPT_OUTPUT_FILE_0}\"\n";
			showEnvVarsInLog = 0;
		};
/* End PBXShellScriptBuildPhase section */

/* Begin PBXSourcesBuildPhase section */
		69BFBD091F6A56D0004338EF /* Sources */ = {
			isa = PBXSourcesBuildPhase;
			buildActionMask = 2147483647;
			files = (
				2DCBCCDB1F6EB79E0060D732 /* TangPostVideoParser.m in Sources */,
				69BFBE5C1F6A5992004338EF /* YGRefreshComponent.m in Sources */,
				69EF04CC202C0E82002B9B09 /* Statistic.swift in Sources */,
				69EF0491202BF1E4002B9B09 /* Network.swift in Sources */,
				69EF04EE202C15BB002B9B09 /* Avatar.swift in Sources */,
				69BFBE631F6A5992004338EF /* UIView+SDExtension.m in Sources */,
				69EF049B202BF1E4002B9B09 /* UIView+Ext.swift in Sources */,
				69EF04DB202C1340002B9B09 /* TFHppleElement.m in Sources */,
				69EF0496202BF1E4002B9B09 /* UICollectionViewCell+Ext.swift in Sources */,
				69EF0492202BF1E4002B9B09 /* ThirdParty.swift in Sources */,
				69BFBE641F6A5992004338EF /* DDSegmentScrollView.m in Sources */,
				69BFBD201F6A56D0004338EF /* main.m in Sources */,
				69BFBD121F6A56D0004338EF /* TangDelegate.m in Sources */,
				69EF04E3202C13F3002B9B09 /* StatisticUtil.m in Sources */,
				69EF050A202C4859002B9B09 /* BaseViewController.swift in Sources */,
				69EF04BC202BFADF002B9B09 /* NSObject+KVCExceptionCatch.m in Sources */,
				69EF0500202C3656002B9B09 /* TangPlayerInfo.swift in Sources */,
				69EF04F0202C174C002B9B09 /* Cache.swift in Sources */,
				69EF0504202C3C0E002B9B09 /* Codable+Ext.swift in Sources */,
				69EF050C202C4E47002B9B09 /* TangLoginGuideViewCtrl.swift in Sources */,
				69EF0494202BF1E4002B9B09 /* UIAlertController+Ext.swift in Sources */,
				69EF04C4202C0AB6002B9B09 /* SafeCode.m in Sources */,
				69EF04B2202BF837002B9B09 /* UIScrollView+Ext.swift in Sources */,
				69EF04B0202BF689002B9B09 /* UIToolbar+yg_IBInspectable.m in Sources */,
				2DC9B6B41F6E7A640092DACB /* TangPlayerView.m in Sources */,
				69EF0490202BF1E4002B9B09 /* Constant.swift in Sources */,
				2D7443311F6CEAC900792701 /* TangHomeCell.m in Sources */,
				69EF04F8202C1F1D002B9B09 /* UserSession.swift in Sources */,
				69EF04FC202C200D002B9B09 /* TangBlog.swift in Sources */,
				69EF0515202C5AD1002B9B09 /* Math.swift in Sources */,
				69BFBE6E1F6A5992004338EF /* YGBaseViewCtrl.m in Sources */,
				69EF04F2202C1CDB002B9B09 /* API.swift in Sources */,
				69BFBE621F6A5992004338EF /* SDCycleScrollView.m in Sources */,
				69EF04DA202C1340002B9B09 /* TFHpple.m in Sources */,
				69EF0495202BF1E4002B9B09 /* UIButton+Ext.swift in Sources */,
				69EF049D202BF1E4002B9B09 /* UIViewController+Storyboard.swift in Sources */,
				69EF048F202BF1E4002B9B09 /* Appearance.swift in Sources */,
				69228D891F6A840F00F0F8DC /* TangHomeViewCtrl.m in Sources */,
				69BFBE671F6A5992004338EF /* DDWebInspector.m in Sources */,
				69EF04AD202BF53C002B9B09 /* UITableView+Ext.swift in Sources */,
				69EF050E202C4EBF002B9B09 /* TangLoginNaviCtrl.swift in Sources */,
				69BFBE701F6A5992004338EF /* YGTabBarCtrl.m in Sources */,
				69BFBE681F6A5992004338EF /* DDWebViewController.m in Sources */,
				69EF049A202BF1E4002B9B09 /* UISearchBar+Ext.swift in Sources */,
				695777C11F7F7192005F46B9 /* TangPlayerTransition.m in Sources */,
				2DC9B6B71F6E7B690092DACB /* TangPlayerViewCtrl.m in Sources */,
				69EF04DC202C1340002B9B09 /* XPathQuery.m in Sources */,
				69EF04FA202C1F76002B9B09 /* TangUser.swift in Sources */,
				69BFBE611F6A5992004338EF /* SDCollectionViewCell.m in Sources */,
				69EF0513202C5892002B9B09 /* TangDashboardViewCtrl.swift in Sources */,
				69EF0493202BF1E4002B9B09 /* NSObject+Ext.swift in Sources */,
				69BFBE6D1F6A5992004338EF /* YGBasePopViewCtrl.m in Sources */,
				69BFBE601F6A5992004338EF /* TAPageControl.m in Sources */,
				69BFBE6F1F6A5992004338EF /* YGBaseWebViewCtrl.m in Sources */,
				69EF0510202C507E002B9B09 /* TangLoginViewCtrl.swift in Sources */,
				69BFBE551F6A5992004338EF /* YGLabel.m in Sources */,
				69EF049C202BF1E4002B9B09 /* UIView+Hidden.swift in Sources */,
				69BFBE6C1F6A5992004338EF /* YGBaseNaviCtrl.m in Sources */,
				69BFBE5D1F6A5992004338EF /* TAAbstractDotView.m in Sources */,
				69EF04B7202BF8F7002B9B09 /* UIViewController+yg_IBInspectable.m in Sources */,
				69BFBE5E1F6A5992004338EF /* TAAnimatedDotView.m in Sources */,
				69EF0499202BF1E4002B9B09 /* UINavigationController+Ext.swift in Sources */,
				69BFBE561F6A5992004338EF /* YGLineView.m in Sources */,
				69EF04A7202BF489002B9B09 /* UINavigationBar+yg_IBInspectable.m in Sources */,
				69EF04FE202C33BA002B9B09 /* TangPost.swift in Sources */,
				69EF0497202BF1E4002B9B09 /* UIDevice+Ext.swift in Sources */,
				69BFBE651F6A5992004338EF /* YGTextField.m in Sources */,
				69EF04AA202BF4CF002B9B09 /* UITabBar+yg_IBInspectable.m in Sources */,
				69EF049E202BF1E4002B9B09 /* Func.swift in Sources */,
				69EF048E202BF1E4002B9B09 /* Config.swift in Sources */,
				69EF0498202BF1E4002B9B09 /* UINavigationBar+Ext.swift in Sources */,
				69EF04B8202BF8F7002B9B09 /* UIViewController+yg_StatusBar.m in Sources */,
				69EF04F6202C1E64002B9B09 /* AppConstant.swift in Sources */,
				69BFBE5F1F6A5992004338EF /* TADotView.m in Sources */,
				2DCBCCE11F6EDC370060D732 /* TangVolumeIndicator.m in Sources */,
			);
			runOnlyForDeploymentPostprocessing = 0;
		};
/* End PBXSourcesBuildPhase section */

/* Begin PBXVariantGroup section */
		69BFBD161F6A56D0004338EF /* Main.storyboard */ = {
			isa = PBXVariantGroup;
			children = (
				69BFBD171F6A56D0004338EF /* Base */,
			);
			name = Main.storyboard;
			sourceTree = "<group>";
		};
		69BFBD1B1F6A56D0004338EF /* LaunchScreen.storyboard */ = {
			isa = PBXVariantGroup;
			children = (
				69BFBD1C1F6A56D0004338EF /* Base */,
			);
			name = LaunchScreen.storyboard;
			sourceTree = "<group>";
		};
/* End PBXVariantGroup section */

/* Begin XCBuildConfiguration section */
		69BFBD211F6A56D0004338EF /* Debug */ = {
			isa = XCBuildConfiguration;
			buildSettings = {
				ALWAYS_SEARCH_USER_PATHS = NO;
				CLANG_ALLOW_NON_MODULAR_INCLUDES_IN_FRAMEWORK_MODULES = YES;
				CLANG_ANALYZER_NONNULL = YES;
				CLANG_ANALYZER_NUMBER_OBJECT_CONVERSION = YES_AGGRESSIVE;
				CLANG_CXX_LANGUAGE_STANDARD = "gnu++14";
				CLANG_CXX_LIBRARY = "libc++";
				CLANG_ENABLE_MODULES = YES;
				CLANG_ENABLE_OBJC_ARC = YES;
				CLANG_WARN_BLOCK_CAPTURE_AUTORELEASING = YES;
				CLANG_WARN_BOOL_CONVERSION = YES;
				CLANG_WARN_COMMA = YES;
				CLANG_WARN_CONSTANT_CONVERSION = YES;
				CLANG_WARN_DIRECT_OBJC_ISA_USAGE = YES_ERROR;
				CLANG_WARN_DOCUMENTATION_COMMENTS = YES;
				CLANG_WARN_EMPTY_BODY = YES;
				CLANG_WARN_ENUM_CONVERSION = YES;
				CLANG_WARN_INFINITE_RECURSION = YES;
				CLANG_WARN_INT_CONVERSION = YES;
				CLANG_WARN_NON_LITERAL_NULL_CONVERSION = YES;
				CLANG_WARN_OBJC_LITERAL_CONVERSION = YES;
				CLANG_WARN_OBJC_ROOT_CLASS = YES_ERROR;
				CLANG_WARN_RANGE_LOOP_ANALYSIS = YES;
				CLANG_WARN_STRICT_PROTOTYPES = YES;
				CLANG_WARN_SUSPICIOUS_MOVE = YES;
				CLANG_WARN_UNGUARDED_AVAILABILITY = YES_AGGRESSIVE;
				CLANG_WARN_UNREACHABLE_CODE = YES;
				CLANG_WARN__DUPLICATE_METHOD_MATCH = YES;
				CODE_SIGN_IDENTITY = "iPhone Developer";
				COPY_PHASE_STRIP = NO;
				DEBUG_INFORMATION_FORMAT = dwarf;
				ENABLE_STRICT_OBJC_MSGSEND = YES;
				ENABLE_TESTABILITY = YES;
				GCC_C_LANGUAGE_STANDARD = gnu11;
				GCC_DYNAMIC_NO_PIC = NO;
				GCC_NO_COMMON_BLOCKS = YES;
				GCC_OPTIMIZATION_LEVEL = 0;
				GCC_PREPROCESSOR_DEFINITIONS = (
					"DEBUG=1",
					"$(inherited)",
				);
				GCC_WARN_64_TO_32_BIT_CONVERSION = YES;
				GCC_WARN_ABOUT_RETURN_TYPE = YES_ERROR;
				GCC_WARN_UNDECLARED_SELECTOR = YES;
				GCC_WARN_UNINITIALIZED_AUTOS = YES_AGGRESSIVE;
				GCC_WARN_UNUSED_FUNCTION = YES;
				GCC_WARN_UNUSED_VARIABLE = YES;
				IPHONEOS_DEPLOYMENT_TARGET = 9.0;
				MTL_ENABLE_DEBUG_INFO = YES;
				ONLY_ACTIVE_ARCH = YES;
				SDKROOT = iphoneos;
			};
			name = Debug;
		};
		69BFBD221F6A56D0004338EF /* Release */ = {
			isa = XCBuildConfiguration;
			buildSettings = {
				ALWAYS_SEARCH_USER_PATHS = NO;
				CLANG_ALLOW_NON_MODULAR_INCLUDES_IN_FRAMEWORK_MODULES = YES;
				CLANG_ANALYZER_NONNULL = YES;
				CLANG_ANALYZER_NUMBER_OBJECT_CONVERSION = YES_AGGRESSIVE;
				CLANG_CXX_LANGUAGE_STANDARD = "gnu++14";
				CLANG_CXX_LIBRARY = "libc++";
				CLANG_ENABLE_MODULES = YES;
				CLANG_ENABLE_OBJC_ARC = YES;
				CLANG_WARN_BLOCK_CAPTURE_AUTORELEASING = YES;
				CLANG_WARN_BOOL_CONVERSION = YES;
				CLANG_WARN_COMMA = YES;
				CLANG_WARN_CONSTANT_CONVERSION = YES;
				CLANG_WARN_DIRECT_OBJC_ISA_USAGE = YES_ERROR;
				CLANG_WARN_DOCUMENTATION_COMMENTS = YES;
				CLANG_WARN_EMPTY_BODY = YES;
				CLANG_WARN_ENUM_CONVERSION = YES;
				CLANG_WARN_INFINITE_RECURSION = YES;
				CLANG_WARN_INT_CONVERSION = YES;
				CLANG_WARN_NON_LITERAL_NULL_CONVERSION = YES;
				CLANG_WARN_OBJC_LITERAL_CONVERSION = YES;
				CLANG_WARN_OBJC_ROOT_CLASS = YES_ERROR;
				CLANG_WARN_RANGE_LOOP_ANALYSIS = YES;
				CLANG_WARN_STRICT_PROTOTYPES = YES;
				CLANG_WARN_SUSPICIOUS_MOVE = YES;
				CLANG_WARN_UNGUARDED_AVAILABILITY = YES_AGGRESSIVE;
				CLANG_WARN_UNREACHABLE_CODE = YES;
				CLANG_WARN__DUPLICATE_METHOD_MATCH = YES;
				CODE_SIGN_IDENTITY = "iPhone Developer";
				COPY_PHASE_STRIP = NO;
				DEBUG_INFORMATION_FORMAT = "dwarf-with-dsym";
				ENABLE_NS_ASSERTIONS = NO;
				ENABLE_STRICT_OBJC_MSGSEND = YES;
				GCC_C_LANGUAGE_STANDARD = gnu11;
				GCC_NO_COMMON_BLOCKS = YES;
				GCC_WARN_64_TO_32_BIT_CONVERSION = YES;
				GCC_WARN_ABOUT_RETURN_TYPE = YES_ERROR;
				GCC_WARN_UNDECLARED_SELECTOR = YES;
				GCC_WARN_UNINITIALIZED_AUTOS = YES_AGGRESSIVE;
				GCC_WARN_UNUSED_FUNCTION = YES;
				GCC_WARN_UNUSED_VARIABLE = YES;
				IPHONEOS_DEPLOYMENT_TARGET = 9.0;
				MTL_ENABLE_DEBUG_INFO = NO;
				SDKROOT = iphoneos;
				VALIDATE_PRODUCT = YES;
			};
			name = Release;
		};
		69BFBD241F6A56D0004338EF /* Debug */ = {
			isa = XCBuildConfiguration;
			baseConfigurationReference = 2DA738F2F1456D6FAC1E654A /* Pods-Tang.debug.xcconfig */;
			buildSettings = {
				ASSETCATALOG_COMPILER_APPICON_NAME = AppIcon;
				BUGLY_APP_ID = DEV;
				CLANG_ALLOW_NON_MODULAR_INCLUDES_IN_FRAMEWORK_MODULES = YES;
				CLANG_WARN_DOCUMENTATION_COMMENTS = NO;
				CODE_SIGN_STYLE = Automatic;
				DEFINES_MODULE = YES;
				DEVELOPMENT_TEAM = 8QP3ZT6EXM;
				FRAMEWORK_SEARCH_PATHS = (
					"$(inherited)",
					"$(PROJECT_DIR)/Tang/Content/Third-Party/Bugly_2.4.8",
					"$(PROJECT_DIR)/Tang/Content/Third-Party/ijkplayer",
					"$(PROJECT_DIR)/Tang/Third-Party/ijkplayer",
				);
				GCC_PRECOMPILE_PREFIX_HEADER = YES;
				GCC_PREFIX_HEADER = "Tang/Tang-Prefix.pch";
				HEADER_SEARCH_PATHS = (
					"$(inherited)",
					/usr/include/libxml2,
				);
				INFOPLIST_FILE = Tang/Info.plist;
				LD_RUNPATH_SEARCH_PATHS = "$(inherited) @executable_path/Frameworks";
				PRODUCT_BUNDLE_IDENTIFIER = com.tang.app;
				PRODUCT_NAME = "$(TARGET_NAME)";
				SWIFT_OBJC_BRIDGING_HEADER = "Tang/Tang-Bridging-Header.h";
				SWIFT_VERSION = 4.0;
				TARGETED_DEVICE_FAMILY = "1,2";
			};
			name = Debug;
		};
		69BFBD251F6A56D0004338EF /* Release */ = {
			isa = XCBuildConfiguration;
			baseConfigurationReference = 58AB2BCB4DB952CCA764BA49 /* Pods-Tang.release.xcconfig */;
			buildSettings = {
				ASSETCATALOG_COMPILER_APPICON_NAME = AppIcon;
				BUGLY_APP_ID = DEV;
				CLANG_ALLOW_NON_MODULAR_INCLUDES_IN_FRAMEWORK_MODULES = YES;
				CLANG_WARN_DOCUMENTATION_COMMENTS = NO;
				CODE_SIGN_STYLE = Automatic;
				DEFINES_MODULE = YES;
				DEVELOPMENT_TEAM = 8QP3ZT6EXM;
				FRAMEWORK_SEARCH_PATHS = (
					"$(inherited)",
					"$(PROJECT_DIR)/Tang/Content/Third-Party/Bugly_2.4.8",
					"$(PROJECT_DIR)/Tang/Content/Third-Party/ijkplayer",
					"$(PROJECT_DIR)/Tang/Third-Party/ijkplayer",
				);
				GCC_PRECOMPILE_PREFIX_HEADER = YES;
				GCC_PREFIX_HEADER = "Tang/Tang-Prefix.pch";
				HEADER_SEARCH_PATHS = (
					"$(inherited)",
					/usr/include/libxml2,
				);
				INFOPLIST_FILE = Tang/Info.plist;
				LD_RUNPATH_SEARCH_PATHS = "$(inherited) @executable_path/Frameworks";
				PRODUCT_BUNDLE_IDENTIFIER = com.tang.app;
				PRODUCT_NAME = "$(TARGET_NAME)";
				SWIFT_OBJC_BRIDGING_HEADER = "Tang/Tang-Bridging-Header.h";
				SWIFT_VERSION = 4.0;
				TARGETED_DEVICE_FAMILY = "1,2";
			};
			name = Release;
		};
/* End XCBuildConfiguration section */

/* Begin XCConfigurationList section */
		69BFBD081F6A56CF004338EF /* Build configuration list for PBXProject "Tang" */ = {
			isa = XCConfigurationList;
			buildConfigurations = (
				69BFBD211F6A56D0004338EF /* Debug */,
				69BFBD221F6A56D0004338EF /* Release */,
			);
			defaultConfigurationIsVisible = 0;
			defaultConfigurationName = Release;
		};
		69BFBD231F6A56D0004338EF /* Build configuration list for PBXNativeTarget "Tang" */ = {
			isa = XCConfigurationList;
			buildConfigurations = (
				69BFBD241F6A56D0004338EF /* Debug */,
				69BFBD251F6A56D0004338EF /* Release */,
			);
			defaultConfigurationIsVisible = 0;
			defaultConfigurationName = Release;
		};
/* End XCConfigurationList section */
	};
	rootObject = 69BFBD051F6A56CF004338EF /* Project object */;
}
